// !$*UTF8*$!
{
	archiveVersion = 1;
	classes = {
	};
	objectVersion = 46;
	objects = {

/* Begin PBXBuildFile section */
		891E172D1A90515E009B7F9F /* ClockFace.png in Resources */ = {isa = PBXBuildFile; fileRef = 891E17251A90515E009B7F9F /* ClockFace.png */; };
		891E172E1A90515E009B7F9F /* ClockFace@2x.png in Resources */ = {isa = PBXBuildFile; fileRef = 891E17261A90515E009B7F9F /* ClockFace@2x.png */; };
		891E172F1A90515E009B7F9F /* HourHand.png in Resources */ = {isa = PBXBuildFile; fileRef = 891E17271A90515E009B7F9F /* HourHand.png */; };
		891E17301A90515E009B7F9F /* HourHand@2x.png in Resources */ = {isa = PBXBuildFile; fileRef = 891E17281A90515E009B7F9F /* HourHand@2x.png */; };
		891E17311A90515E009B7F9F /* MinuteHand.png in Resources */ = {isa = PBXBuildFile; fileRef = 891E17291A90515E009B7F9F /* MinuteHand.png */; };
		891E17321A90515E009B7F9F /* MinuteHand@2x.png in Resources */ = {isa = PBXBuildFile; fileRef = 891E172A1A90515E009B7F9F /* MinuteHand@2x.png */; };
		891E17331A90515E009B7F9F /* SecondHand.png in Resources */ = {isa = PBXBuildFile; fileRef = 891E172B1A90515E009B7F9F /* SecondHand.png */; };
		891E17341A90515E009B7F9F /* SecondHand@2x.png in Resources */ = {isa = PBXBuildFile; fileRef = 891E172C1A90515E009B7F9F /* SecondHand@2x.png */; };
		891E17371A9051B5009B7F9F /* SimpleClockViewController.m in Sources */ = {isa = PBXBuildFile; fileRef = 891E17361A9051B5009B7F9F /* SimpleClockViewController.m */; };
		891E173B1A948730009B7F9F /* CAShapeLayerTestViewController.m in Sources */ = {isa = PBXBuildFile; fileRef = 891E173A1A948730009B7F9F /* CAShapeLayerTestViewController.m */; };
		891E17411AA6B035009B7F9F /* CATextLayerTestViewController.m in Sources */ = {isa = PBXBuildFile; fileRef = 891E17401AA6B035009B7F9F /* CATextLayerTestViewController.m */; };
		891E17461AA6B063009B7F9F /* PerlinNoise.m in Sources */ = {isa = PBXBuildFile; fileRef = 891E17451AA6B063009B7F9F /* PerlinNoise.m */; };
		891E174A1AA6B0AC009B7F9F /* PerlinNoiseTestViewController.m in Sources */ = {isa = PBXBuildFile; fileRef = 891E17491AA6B0AC009B7F9F /* PerlinNoiseTestViewController.m */; };
		895754F81AAC0E4600D21ED3 /* ImplicitAnimationsViewController.m in Sources */ = {isa = PBXBuildFile; fileRef = 895754F71AAC0E4600D21ED3 /* ImplicitAnimationsViewController.m */; };
		895755011AAC57F600D21ED3 /* LandscapeSpawner.m in Sources */ = {isa = PBXBuildFile; fileRef = 895755001AAC57F600D21ED3 /* LandscapeSpawner.m */; };
		895755041AAD57D000D21ED3 /* KungFuHelper.m in Sources */ = {isa = PBXBuildFile; fileRef = 895755031AAD57D000D21ED3 /* KungFuHelper.m */; };
		897023A91AA942F500AF5805 /* DreamTravelTestViewController.m in Sources */ = {isa = PBXBuildFile; fileRef = 897023A81AA942F500AF5805 /* DreamTravelTestViewController.m */; };
		897023AC1AA94AC600AF5805 /* LandscapeAtom.m in Sources */ = {isa = PBXBuildFile; fileRef = 897023AB1AA94AC600AF5805 /* LandscapeAtom.m */; };
		89B1F5211A9030BC00965B8E /* ContentTestViewController.m in Sources */ = {isa = PBXBuildFile; fileRef = 89B1F5201A9030BC00965B8E /* ContentTestViewController.m */; };
		89B1F5261A90364100965B8E /* Snowman.png in Resources */ = {isa = PBXBuildFile; fileRef = 89B1F5241A90364100965B8E /* Snowman.png */; };
		89B1F5271A90364100965B8E /* Snowman@2x.png in Resources */ = {isa = PBXBuildFile; fileRef = 89B1F5251A90364100965B8E /* Snowman@2x.png */; };
		89E6EDE71A88A7A10084F8ED /* main.m in Sources */ = {isa = PBXBuildFile; fileRef = 89E6EDE61A88A7A10084F8ED /* main.m */; };
		89E6EDEA1A88A7A10084F8ED /* AppDelegate.m in Sources */ = {isa = PBXBuildFile; fileRef = 89E6EDE91A88A7A10084F8ED /* AppDelegate.m */; };
		89E6EDED1A88A7A10084F8ED /* ViewController.m in Sources */ = {isa = PBXBuildFile; fileRef = 89E6EDEC1A88A7A10084F8ED /* ViewController.m */; };
		89E6EDF01A88A7A10084F8ED /* Main.storyboard in Resources */ = {isa = PBXBuildFile; fileRef = 89E6EDEE1A88A7A10084F8ED /* Main.storyboard */; };
		89E6EDF21A88A7A10084F8ED /* Images.xcassets in Resources */ = {isa = PBXBuildFile; fileRef = 89E6EDF11A88A7A10084F8ED /* Images.xcassets */; };
		89E6EDF51A88A7A10084F8ED /* LaunchScreen.xib in Resources */ = {isa = PBXBuildFile; fileRef = 89E6EDF31A88A7A10084F8ED /* LaunchScreen.xib */; };
		89E6EE011A88A7A10084F8ED /* KungFu_IOSTests.m in Sources */ = {isa = PBXBuildFile; fileRef = 89E6EE001A88A7A10084F8ED /* KungFu_IOSTests.m */; };
		89E6EE0B1A88A8940084F8ED /* KungFu.plist in Resources */ = {isa = PBXBuildFile; fileRef = 89E6EE0A1A88A8940084F8ED /* KungFu.plist */; };
		89E6EE0F1A88ABC20084F8ED /* DandelionViewController.m in Sources */ = {isa = PBXBuildFile; fileRef = 89E6EE0E1A88ABC20084F8ED /* DandelionViewController.m */; };
		89E6EE131A88ABE40084F8ED /* particleTexture@2x.png in Resources */ = {isa = PBXBuildFile; fileRef = 89E6EE111A88ABE40084F8ED /* particleTexture@2x.png */; };
		89E6EE141A88ABE40084F8ED /* point@2x.png in Resources */ = {isa = PBXBuildFile; fileRef = 89E6EE121A88ABE40084F8ED /* point@2x.png */; };
		89E6EE181A88AE3C0084F8ED /* CATravelView.m in Sources */ = {isa = PBXBuildFile; fileRef = 89E6EE171A88AE3C0084F8ED /* CATravelView.m */; };
/* End PBXBuildFile section */

/* Begin PBXContainerItemProxy section */
		89E6EDFB1A88A7A10084F8ED /* PBXContainerItemProxy */ = {
			isa = PBXContainerItemProxy;
			containerPortal = 89E6EDD91A88A7A00084F8ED /* Project object */;
			proxyType = 1;
			remoteGlobalIDString = 89E6EDE01A88A7A10084F8ED;
			remoteInfo = KungFu_IOS;
		};
/* End PBXContainerItemProxy section */

/* Begin PBXFileReference section */
		890DF9BB1AA98407003AEEEC /* FuntionalMacro.h */ = {isa = PBXFileReference; fileEncoding = 4; lastKnownFileType = sourcecode.c.h; path = FuntionalMacro.h; sourceTree = "<group>"; };
		891E17251A90515E009B7F9F /* ClockFace.png */ = {isa = PBXFileReference; lastKnownFileType = image.png; path = ClockFace.png; sourceTree = "<group>"; };
		891E17261A90515E009B7F9F /* ClockFace@2x.png */ = {isa = PBXFileReference; lastKnownFileType = image.png; path = "ClockFace@2x.png"; sourceTree = "<group>"; };
		891E17271A90515E009B7F9F /* HourHand.png */ = {isa = PBXFileReference; lastKnownFileType = image.png; path = HourHand.png; sourceTree = "<group>"; };
		891E17281A90515E009B7F9F /* HourHand@2x.png */ = {isa = PBXFileReference; lastKnownFileType = image.png; path = "HourHand@2x.png"; sourceTree = "<group>"; };
		891E17291A90515E009B7F9F /* MinuteHand.png */ = {isa = PBXFileReference; lastKnownFileType = image.png; path = MinuteHand.png; sourceTree = "<group>"; };
		891E172A1A90515E009B7F9F /* MinuteHand@2x.png */ = {isa = PBXFileReference; lastKnownFileType = image.png; path = "MinuteHand@2x.png"; sourceTree = "<group>"; };
		891E172B1A90515E009B7F9F /* SecondHand.png */ = {isa = PBXFileReference; lastKnownFileType = image.png; path = SecondHand.png; sourceTree = "<group>"; };
		891E172C1A90515E009B7F9F /* SecondHand@2x.png */ = {isa = PBXFileReference; lastKnownFileType = image.png; path = "SecondHand@2x.png"; sourceTree = "<group>"; };
		891E17351A9051B5009B7F9F /* SimpleClockViewController.h */ = {isa = PBXFileReference; fileEncoding = 4; lastKnownFileType = sourcecode.c.h; path = SimpleClockViewController.h; sourceTree = "<group>"; };
		891E17361A9051B5009B7F9F /* SimpleClockViewController.m */ = {isa = PBXFileReference; fileEncoding = 4; lastKnownFileType = sourcecode.c.objc; path = SimpleClockViewController.m; sourceTree = "<group>"; };
		891E17381A9052A3009B7F9F /* KungFu_IOS.pch */ = {isa = PBXFileReference; fileEncoding = 4; lastKnownFileType = sourcecode.c.h; path = KungFu_IOS.pch; sourceTree = "<group>"; };
		891E17391A948730009B7F9F /* CAShapeLayerTestViewController.h */ = {isa = PBXFileReference; fileEncoding = 4; lastKnownFileType = sourcecode.c.h; path = CAShapeLayerTestViewController.h; sourceTree = "<group>"; };
		891E173A1A948730009B7F9F /* CAShapeLayerTestViewController.m */ = {isa = PBXFileReference; fileEncoding = 4; lastKnownFileType = sourcecode.c.objc; path = CAShapeLayerTestViewController.m; sourceTree = "<group>"; };
		891E173F1AA6B035009B7F9F /* CATextLayerTestViewController.h */ = {isa = PBXFileReference; fileEncoding = 4; lastKnownFileType = sourcecode.c.h; path = CATextLayerTestViewController.h; sourceTree = "<group>"; };
		891E17401AA6B035009B7F9F /* CATextLayerTestViewController.m */ = {isa = PBXFileReference; fileEncoding = 4; lastKnownFileType = sourcecode.c.objc; path = CATextLayerTestViewController.m; sourceTree = "<group>"; };
		891E17441AA6B063009B7F9F /* PerlinNoise.h */ = {isa = PBXFileReference; fileEncoding = 4; lastKnownFileType = sourcecode.c.h; path = PerlinNoise.h; sourceTree = "<group>"; };
		891E17451AA6B063009B7F9F /* PerlinNoise.m */ = {isa = PBXFileReference; fileEncoding = 4; lastKnownFileType = sourcecode.c.objc; path = PerlinNoise.m; sourceTree = "<group>"; };
		891E17481AA6B0AC009B7F9F /* PerlinNoiseTestViewController.h */ = {isa = PBXFileReference; fileEncoding = 4; lastKnownFileType = sourcecode.c.h; path = PerlinNoiseTestViewController.h; sourceTree = "<group>"; };
		891E17491AA6B0AC009B7F9F /* PerlinNoiseTestViewController.m */ = {isa = PBXFileReference; fileEncoding = 4; lastKnownFileType = sourcecode.c.objc; path = PerlinNoiseTestViewController.m; sourceTree = "<group>"; };
		895754F61AAC0E4600D21ED3 /* ImplicitAnimationsViewController.h */ = {isa = PBXFileReference; fileEncoding = 4; lastKnownFileType = sourcecode.c.h; path = ImplicitAnimationsViewController.h; sourceTree = "<group>"; };
		895754F71AAC0E4600D21ED3 /* ImplicitAnimationsViewController.m */ = {isa = PBXFileReference; fileEncoding = 4; lastKnownFileType = sourcecode.c.objc; path = ImplicitAnimationsViewController.m; sourceTree = "<group>"; };
		895754FF1AAC57F600D21ED3 /* LandscapeSpawner.h */ = {isa = PBXFileReference; fileEncoding = 4; lastKnownFileType = sourcecode.c.h; path = LandscapeSpawner.h; sourceTree = "<group>"; };
		895755001AAC57F600D21ED3 /* LandscapeSpawner.m */ = {isa = PBXFileReference; fileEncoding = 4; lastKnownFileType = sourcecode.c.objc; path = LandscapeSpawner.m; sourceTree = "<group>"; };
		895755021AAD57D000D21ED3 /* KungFuHelper.h */ = {isa = PBXFileReference; fileEncoding = 4; lastKnownFileType = sourcecode.c.h; path = KungFuHelper.h; sourceTree = "<group>"; };
		895755031AAD57D000D21ED3 /* KungFuHelper.m */ = {isa = PBXFileReference; fileEncoding = 4; lastKnownFileType = sourcecode.c.objc; path = KungFuHelper.m; sourceTree = "<group>"; };
		897023A71AA942F500AF5805 /* DreamTravelTestViewController.h */ = {isa = PBXFileReference; fileEncoding = 4; lastKnownFileType = sourcecode.c.h; path = DreamTravelTestViewController.h; sourceTree = "<group>"; };
		897023A81AA942F500AF5805 /* DreamTravelTestViewController.m */ = {isa = PBXFileReference; fileEncoding = 4; lastKnownFileType = sourcecode.c.objc; path = DreamTravelTestViewController.m; sourceTree = "<group>"; };
		897023AA1AA94AC600AF5805 /* LandscapeAtom.h */ = {isa = PBXFileReference; fileEncoding = 4; lastKnownFileType = sourcecode.c.h; path = LandscapeAtom.h; sourceTree = "<group>"; };
		897023AB1AA94AC600AF5805 /* LandscapeAtom.m */ = {isa = PBXFileReference; fileEncoding = 4; lastKnownFileType = sourcecode.c.objc; path = LandscapeAtom.m; sourceTree = "<group>"; };
		89B1F51F1A9030BC00965B8E /* ContentTestViewController.h */ = {isa = PBXFileReference; fileEncoding = 4; lastKnownFileType = sourcecode.c.h; path = ContentTestViewController.h; sourceTree = "<group>"; };
		89B1F5201A9030BC00965B8E /* ContentTestViewController.m */ = {isa = PBXFileReference; fileEncoding = 4; lastKnownFileType = sourcecode.c.objc; path = ContentTestViewController.m; sourceTree = "<group>"; };
		89B1F5241A90364100965B8E /* Snowman.png */ = {isa = PBXFileReference; lastKnownFileType = image.png; path = Snowman.png; sourceTree = "<group>"; };
		89B1F5251A90364100965B8E /* Snowman@2x.png */ = {isa = PBXFileReference; lastKnownFileType = image.png; path = "Snowman@2x.png"; sourceTree = "<group>"; };
		89E6EDE11A88A7A10084F8ED /* KungFu_IOS.app */ = {isa = PBXFileReference; explicitFileType = wrapper.application; includeInIndex = 0; path = KungFu_IOS.app; sourceTree = BUILT_PRODUCTS_DIR; };
		89E6EDE51A88A7A10084F8ED /* Info.plist */ = {isa = PBXFileReference; lastKnownFileType = text.plist.xml; path = Info.plist; sourceTree = "<group>"; };
		89E6EDE61A88A7A10084F8ED /* main.m */ = {isa = PBXFileReference; lastKnownFileType = sourcecode.c.objc; path = main.m; sourceTree = "<group>"; };
		89E6EDE81A88A7A10084F8ED /* AppDelegate.h */ = {isa = PBXFileReference; lastKnownFileType = sourcecode.c.h; path = AppDelegate.h; sourceTree = "<group>"; };
		89E6EDE91A88A7A10084F8ED /* AppDelegate.m */ = {isa = PBXFileReference; lastKnownFileType = sourcecode.c.objc; path = AppDelegate.m; sourceTree = "<group>"; };
		89E6EDEB1A88A7A10084F8ED /* ViewController.h */ = {isa = PBXFileReference; lastKnownFileType = sourcecode.c.h; path = ViewController.h; sourceTree = "<group>"; };
		89E6EDEC1A88A7A10084F8ED /* ViewController.m */ = {isa = PBXFileReference; lastKnownFileType = sourcecode.c.objc; path = ViewController.m; sourceTree = "<group>"; };
		89E6EDEF1A88A7A10084F8ED /* Base */ = {isa = PBXFileReference; lastKnownFileType = file.storyboard; name = Base; path = Base.lproj/Main.storyboard; sourceTree = "<group>"; };
		89E6EDF11A88A7A10084F8ED /* Images.xcassets */ = {isa = PBXFileReference; lastKnownFileType = folder.assetcatalog; path = Images.xcassets; sourceTree = "<group>"; };
		89E6EDF41A88A7A10084F8ED /* Base */ = {isa = PBXFileReference; lastKnownFileType = file.xib; name = Base; path = Base.lproj/LaunchScreen.xib; sourceTree = "<group>"; };
		89E6EDFA1A88A7A10084F8ED /* KungFu_IOSTests.xctest */ = {isa = PBXFileReference; explicitFileType = wrapper.cfbundle; includeInIndex = 0; path = KungFu_IOSTests.xctest; sourceTree = BUILT_PRODUCTS_DIR; };
		89E6EDFF1A88A7A10084F8ED /* Info.plist */ = {isa = PBXFileReference; lastKnownFileType = text.plist.xml; path = Info.plist; sourceTree = "<group>"; };
		89E6EE001A88A7A10084F8ED /* KungFu_IOSTests.m */ = {isa = PBXFileReference; lastKnownFileType = sourcecode.c.objc; path = KungFu_IOSTests.m; sourceTree = "<group>"; };
		89E6EE0A1A88A8940084F8ED /* KungFu.plist */ = {isa = PBXFileReference; fileEncoding = 4; lastKnownFileType = text.plist.xml; path = KungFu.plist; sourceTree = "<group>"; };
		89E6EE0D1A88ABC20084F8ED /* DandelionViewController.h */ = {isa = PBXFileReference; fileEncoding = 4; lastKnownFileType = sourcecode.c.h; path = DandelionViewController.h; sourceTree = "<group>"; };
		89E6EE0E1A88ABC20084F8ED /* DandelionViewController.m */ = {isa = PBXFileReference; fileEncoding = 4; lastKnownFileType = sourcecode.c.objc; path = DandelionViewController.m; sourceTree = "<group>"; };
		89E6EE111A88ABE40084F8ED /* particleTexture@2x.png */ = {isa = PBXFileReference; lastKnownFileType = image.png; path = "particleTexture@2x.png"; sourceTree = "<group>"; };
		89E6EE121A88ABE40084F8ED /* point@2x.png */ = {isa = PBXFileReference; lastKnownFileType = image.png; path = "point@2x.png"; sourceTree = "<group>"; };
		89E6EE161A88AE3C0084F8ED /* CATravelView.h */ = {isa = PBXFileReference; fileEncoding = 4; lastKnownFileType = sourcecode.c.h; path = CATravelView.h; sourceTree = "<group>"; };
		89E6EE171A88AE3C0084F8ED /* CATravelView.m */ = {isa = PBXFileReference; fileEncoding = 4; lastKnownFileType = sourcecode.c.objc; path = CATravelView.m; sourceTree = "<group>"; };
		89E6EE191A88AE520084F8ED /* CACONSTS.h */ = {isa = PBXFileReference; fileEncoding = 4; lastKnownFileType = sourcecode.c.h; path = CACONSTS.h; sourceTree = "<group>"; };
/* End PBXFileReference section */

/* Begin PBXFrameworksBuildPhase section */
		89E6EDDE1A88A7A10084F8ED /* Frameworks */ = {
			isa = PBXFrameworksBuildPhase;
			buildActionMask = 2147483647;
			files = (
			);
			runOnlyForDeploymentPostprocessing = 0;
		};
		89E6EDF71A88A7A10084F8ED /* Frameworks */ = {
			isa = PBXFrameworksBuildPhase;
			buildActionMask = 2147483647;
			files = (
			);
			runOnlyForDeploymentPostprocessing = 0;
		};
/* End PBXFrameworksBuildPhase section */

/* Begin PBXGroup section */
		891E17421AA6B063009B7F9F /* ThirdParty */ = {
			isa = PBXGroup;
			children = (
				891E17431AA6B063009B7F9F /* PerlinNoise */,
			);
			path = ThirdParty;
			sourceTree = "<group>";
		};
		891E17431AA6B063009B7F9F /* PerlinNoise */ = {
			isa = PBXGroup;
			children = (
				891E17441AA6B063009B7F9F /* PerlinNoise.h */,
				891E17451AA6B063009B7F9F /* PerlinNoise.m */,
			);
			path = PerlinNoise;
			sourceTree = "<group>";
		};
		891E17471AA6B096009B7F9F /* PerlinNoise */ = {
			isa = PBXGroup;
			children = (
				891E17481AA6B0AC009B7F9F /* PerlinNoiseTestViewController.h */,
				891E17491AA6B0AC009B7F9F /* PerlinNoiseTestViewController.m */,
			);
			path = PerlinNoise;
			sourceTree = "<group>";
		};
		897023A61AA942A400AF5805 /* DreamTravel */ = {
			isa = PBXGroup;
			children = (
				897023A71AA942F500AF5805 /* DreamTravelTestViewController.h */,
				897023A81AA942F500AF5805 /* DreamTravelTestViewController.m */,
				897023AA1AA94AC600AF5805 /* LandscapeAtom.h */,
				897023AB1AA94AC600AF5805 /* LandscapeAtom.m */,
				895754FF1AAC57F600D21ED3 /* LandscapeSpawner.h */,
				895755001AAC57F600D21ED3 /* LandscapeSpawner.m */,
			);
			path = DreamTravel;
			sourceTree = "<group>";
		};
		89B1F51E1A90303500965B8E /* CoreAnimation */ = {
			isa = PBXGroup;
			children = (
				89B1F51F1A9030BC00965B8E /* ContentTestViewController.h */,
				89B1F5201A9030BC00965B8E /* ContentTestViewController.m */,
				891E17351A9051B5009B7F9F /* SimpleClockViewController.h */,
				891E17361A9051B5009B7F9F /* SimpleClockViewController.m */,
				891E17391A948730009B7F9F /* CAShapeLayerTestViewController.h */,
				891E173A1A948730009B7F9F /* CAShapeLayerTestViewController.m */,
				891E173F1AA6B035009B7F9F /* CATextLayerTestViewController.h */,
				891E17401AA6B035009B7F9F /* CATextLayerTestViewController.m */,
				895754F61AAC0E4600D21ED3 /* ImplicitAnimationsViewController.h */,
				895754F71AAC0E4600D21ED3 /* ImplicitAnimationsViewController.m */,
			);
			path = CoreAnimation;
			sourceTree = "<group>";
		};
		89E6EDD81A88A7A00084F8ED = {
			isa = PBXGroup;
			children = (
				89E6EDE31A88A7A10084F8ED /* KungFu_IOS */,
				89E6EDFD1A88A7A10084F8ED /* KungFu_IOSTests */,
				89E6EDE21A88A7A10084F8ED /* Products */,
			);
			sourceTree = "<group>";
		};
		89E6EDE21A88A7A10084F8ED /* Products */ = {
			isa = PBXGroup;
			children = (
				89E6EDE11A88A7A10084F8ED /* KungFu_IOS.app */,
				89E6EDFA1A88A7A10084F8ED /* KungFu_IOSTests.xctest */,
			);
			name = Products;
			sourceTree = "<group>";
		};
		89E6EDE31A88A7A10084F8ED /* KungFu_IOS */ = {
			isa = PBXGroup;
			children = (
				89E6EE191A88AE520084F8ED /* CACONSTS.h */,
				890DF9BB1AA98407003AEEEC /* FuntionalMacro.h */,
				89E6EDE81A88A7A10084F8ED /* AppDelegate.h */,
				89E6EDE91A88A7A10084F8ED /* AppDelegate.m */,
				89E6EDEB1A88A7A10084F8ED /* ViewController.h */,
				89E6EDEC1A88A7A10084F8ED /* ViewController.m */,
				895755021AAD57D000D21ED3 /* KungFuHelper.h */,
				895755031AAD57D000D21ED3 /* KungFuHelper.m */,
				897023A61AA942A400AF5805 /* DreamTravel */,
				891E17471AA6B096009B7F9F /* PerlinNoise */,
				89B1F51E1A90303500965B8E /* CoreAnimation */,
				89E6EE151A88AE0E0084F8ED /* Quartz */,
				89E6EE0C1A88AB980084F8ED /* Dandelion */,
				891E17421AA6B063009B7F9F /* ThirdParty */,
				89E6EDEE1A88A7A10084F8ED /* Main.storyboard */,
				89E6EDF11A88A7A10084F8ED /* Images.xcassets */,
				89E6EDF31A88A7A10084F8ED /* LaunchScreen.xib */,
				89E6EE0A1A88A8940084F8ED /* KungFu.plist */,
				89E6EE101A88ABE40084F8ED /* Resources */,
				89E6EDE41A88A7A10084F8ED /* Supporting Files */,
			);
			path = KungFu_IOS;
			sourceTree = "<group>";
		};
		89E6EDE41A88A7A10084F8ED /* Supporting Files */ = {
			isa = PBXGroup;
			children = (
				89E6EDE51A88A7A10084F8ED /* Info.plist */,
				89E6EDE61A88A7A10084F8ED /* main.m */,
				891E17381A9052A3009B7F9F /* KungFu_IOS.pch */,
			);
			name = "Supporting Files";
			sourceTree = "<group>";
		};
		89E6EDFD1A88A7A10084F8ED /* KungFu_IOSTests */ = {
			isa = PBXGroup;
			children = (
				89E6EE001A88A7A10084F8ED /* KungFu_IOSTests.m */,
				89E6EDFE1A88A7A10084F8ED /* Supporting Files */,
			);
			path = KungFu_IOSTests;
			sourceTree = "<group>";
		};
		89E6EDFE1A88A7A10084F8ED /* Supporting Files */ = {
			isa = PBXGroup;
			children = (
				89E6EDFF1A88A7A10084F8ED /* Info.plist */,
			);
			name = "Supporting Files";
			sourceTree = "<group>";
		};
		89E6EE0C1A88AB980084F8ED /* Dandelion */ = {
			isa = PBXGroup;
			children = (
				89E6EE0D1A88ABC20084F8ED /* DandelionViewController.h */,
				89E6EE0E1A88ABC20084F8ED /* DandelionViewController.m */,
			);
			path = Dandelion;
			sourceTree = "<group>";
		};
		89E6EE101A88ABE40084F8ED /* Resources */ = {
			isa = PBXGroup;
			children = (
				891E17251A90515E009B7F9F /* ClockFace.png */,
				891E17261A90515E009B7F9F /* ClockFace@2x.png */,
				891E17271A90515E009B7F9F /* HourHand.png */,
				891E17281A90515E009B7F9F /* HourHand@2x.png */,
				891E17291A90515E009B7F9F /* MinuteHand.png */,
				891E172A1A90515E009B7F9F /* MinuteHand@2x.png */,
				891E172B1A90515E009B7F9F /* SecondHand.png */,
				891E172C1A90515E009B7F9F /* SecondHand@2x.png */,
				89B1F5241A90364100965B8E /* Snowman.png */,
				89B1F5251A90364100965B8E /* Snowman@2x.png */,
				89E6EE111A88ABE40084F8ED /* particleTexture@2x.png */,
				89E6EE121A88ABE40084F8ED /* point@2x.png */,
			);
			path = Resources;
			sourceTree = "<group>";
		};
		89E6EE151A88AE0E0084F8ED /* Quartz */ = {
			isa = PBXGroup;
			children = (
				89E6EE161A88AE3C0084F8ED /* CATravelView.h */,
				89E6EE171A88AE3C0084F8ED /* CATravelView.m */,
			);
			path = Quartz;
			sourceTree = "<group>";
		};
/* End PBXGroup section */

/* Begin PBXNativeTarget section */
		89E6EDE01A88A7A10084F8ED /* KungFu_IOS */ = {
			isa = PBXNativeTarget;
			buildConfigurationList = 89E6EE041A88A7A10084F8ED /* Build configuration list for PBXNativeTarget "KungFu_IOS" */;
			buildPhases = (
				89E6EDDD1A88A7A10084F8ED /* Sources */,
				89E6EDDE1A88A7A10084F8ED /* Frameworks */,
				89E6EDDF1A88A7A10084F8ED /* Resources */,
			);
			buildRules = (
			);
			dependencies = (
			);
			name = KungFu_IOS;
			productName = KungFu_IOS;
			productReference = 89E6EDE11A88A7A10084F8ED /* KungFu_IOS.app */;
			productType = "com.apple.product-type.application";
		};
		89E6EDF91A88A7A10084F8ED /* KungFu_IOSTests */ = {
			isa = PBXNativeTarget;
			buildConfigurationList = 89E6EE071A88A7A10084F8ED /* Build configuration list for PBXNativeTarget "KungFu_IOSTests" */;
			buildPhases = (
				89E6EDF61A88A7A10084F8ED /* Sources */,
				89E6EDF71A88A7A10084F8ED /* Frameworks */,
				89E6EDF81A88A7A10084F8ED /* Resources */,
			);
			buildRules = (
			);
			dependencies = (
				89E6EDFC1A88A7A10084F8ED /* PBXTargetDependency */,
			);
			name = KungFu_IOSTests;
			productName = KungFu_IOSTests;
			productReference = 89E6EDFA1A88A7A10084F8ED /* KungFu_IOSTests.xctest */;
			productType = "com.apple.product-type.bundle.unit-test";
		};
/* End PBXNativeTarget section */

/* Begin PBXProject section */
		89E6EDD91A88A7A00084F8ED /* Project object */ = {
			isa = PBXProject;
			attributes = {
				LastUpgradeCheck = 0610;
				ORGANIZATIONNAME = ChildhoodAndy;
				TargetAttributes = {
					89E6EDE01A88A7A10084F8ED = {
						CreatedOnToolsVersion = 6.1.1;
					};
					89E6EDF91A88A7A10084F8ED = {
						CreatedOnToolsVersion = 6.1.1;
						TestTargetID = 89E6EDE01A88A7A10084F8ED;
					};
				};
			};
			buildConfigurationList = 89E6EDDC1A88A7A00084F8ED /* Build configuration list for PBXProject "KungFu_IOS" */;
			compatibilityVersion = "Xcode 3.2";
			developmentRegion = English;
			hasScannedForEncodings = 0;
			knownRegions = (
				en,
				Base,
			);
			mainGroup = 89E6EDD81A88A7A00084F8ED;
			productRefGroup = 89E6EDE21A88A7A10084F8ED /* Products */;
			projectDirPath = "";
			projectRoot = "";
			targets = (
				89E6EDE01A88A7A10084F8ED /* KungFu_IOS */,
				89E6EDF91A88A7A10084F8ED /* KungFu_IOSTests */,
			);
		};
/* End PBXProject section */

/* Begin PBXResourcesBuildPhase section */
		89E6EDDF1A88A7A10084F8ED /* Resources */ = {
			isa = PBXResourcesBuildPhase;
			buildActionMask = 2147483647;
			files = (
				89E6EDF01A88A7A10084F8ED /* Main.storyboard in Resources */,
				89B1F5261A90364100965B8E /* Snowman.png in Resources */,
				891E172E1A90515E009B7F9F /* ClockFace@2x.png in Resources */,
				89B1F5271A90364100965B8E /* Snowman@2x.png in Resources */,
				891E17311A90515E009B7F9F /* MinuteHand.png in Resources */,
				891E17341A90515E009B7F9F /* SecondHand@2x.png in Resources */,
				891E17331A90515E009B7F9F /* SecondHand.png in Resources */,
				891E17321A90515E009B7F9F /* MinuteHand@2x.png in Resources */,
				89E6EE131A88ABE40084F8ED /* particleTexture@2x.png in Resources */,
				891E17301A90515E009B7F9F /* HourHand@2x.png in Resources */,
				89E6EDF51A88A7A10084F8ED /* LaunchScreen.xib in Resources */,
				89E6EE141A88ABE40084F8ED /* point@2x.png in Resources */,
				891E172D1A90515E009B7F9F /* ClockFace.png in Resources */,
				891E172F1A90515E009B7F9F /* HourHand.png in Resources */,
				89E6EE0B1A88A8940084F8ED /* KungFu.plist in Resources */,
				89E6EDF21A88A7A10084F8ED /* Images.xcassets in Resources */,
			);
			runOnlyForDeploymentPostprocessing = 0;
		};
		89E6EDF81A88A7A10084F8ED /* Resources */ = {
			isa = PBXResourcesBuildPhase;
			buildActionMask = 2147483647;
			files = (
			);
			runOnlyForDeploymentPostprocessing = 0;
		};
/* End PBXResourcesBuildPhase section */

/* Begin PBXSourcesBuildPhase section */
		89E6EDDD1A88A7A10084F8ED /* Sources */ = {
			isa = PBXSourcesBuildPhase;
			buildActionMask = 2147483647;
			files = (
				895754F81AAC0E4600D21ED3 /* ImplicitAnimationsViewController.m in Sources */,
				891E17411AA6B035009B7F9F /* CATextLayerTestViewController.m in Sources */,
				891E173B1A948730009B7F9F /* CAShapeLayerTestViewController.m in Sources */,
				895755011AAC57F600D21ED3 /* LandscapeSpawner.m in Sources */,
				891E17461AA6B063009B7F9F /* PerlinNoise.m in Sources */,
				89E6EDED1A88A7A10084F8ED /* ViewController.m in Sources */,
				891E174A1AA6B0AC009B7F9F /* PerlinNoiseTestViewController.m in Sources */,
				89E6EE0F1A88ABC20084F8ED /* DandelionViewController.m in Sources */,
				897023AC1AA94AC600AF5805 /* LandscapeAtom.m in Sources */,
				895755041AAD57D000D21ED3 /* KungFuHelper.m in Sources */,
				89B1F5211A9030BC00965B8E /* ContentTestViewController.m in Sources */,
				89E6EDEA1A88A7A10084F8ED /* AppDelegate.m in Sources */,
				897023A91AA942F500AF5805 /* DreamTravelTestViewController.m in Sources */,
				891E17371A9051B5009B7F9F /* SimpleClockViewController.m in Sources */,
				89E6EE181A88AE3C0084F8ED /* CATravelView.m in Sources */,
				89E6EDE71A88A7A10084F8ED /* main.m in Sources */,
			);
			runOnlyForDeploymentPostprocessing = 0;
		};
		89E6EDF61A88A7A10084F8ED /* Sources */ = {
			isa = PBXSourcesBuildPhase;
			buildActionMask = 2147483647;
			files = (
				89E6EE011A88A7A10084F8ED /* KungFu_IOSTests.m in Sources */,
			);
			runOnlyForDeploymentPostprocessing = 0;
		};
/* End PBXSourcesBuildPhase section */

/* Begin PBXTargetDependency section */
		89E6EDFC1A88A7A10084F8ED /* PBXTargetDependency */ = {
			isa = PBXTargetDependency;
			target = 89E6EDE01A88A7A10084F8ED /* KungFu_IOS */;
			targetProxy = 89E6EDFB1A88A7A10084F8ED /* PBXContainerItemProxy */;
		};
/* End PBXTargetDependency section */

/* Begin PBXVariantGroup section */
		89E6EDEE1A88A7A10084F8ED /* Main.storyboard */ = {
			isa = PBXVariantGroup;
			children = (
				89E6EDEF1A88A7A10084F8ED /* Base */,
			);
			name = Main.storyboard;
			sourceTree = "<group>";
		};
		89E6EDF31A88A7A10084F8ED /* LaunchScreen.xib */ = {
			isa = PBXVariantGroup;
			children = (
				89E6EDF41A88A7A10084F8ED /* Base */,
			);
			name = LaunchScreen.xib;
			sourceTree = "<group>";
		};
/* End PBXVariantGroup section */

/* Begin XCBuildConfiguration section */
		89E6EE021A88A7A10084F8ED /* Debug */ = {
			isa = XCBuildConfiguration;
			buildSettings = {
				ALWAYS_SEARCH_USER_PATHS = NO;
				CLANG_CXX_LANGUAGE_STANDARD = "gnu++0x";
				CLANG_CXX_LIBRARY = "libc++";
				CLANG_ENABLE_MODULES = YES;
				CLANG_ENABLE_OBJC_ARC = YES;
				CLANG_WARN_BOOL_CONVERSION = YES;
				CLANG_WARN_CONSTANT_CONVERSION = YES;
				CLANG_WARN_DIRECT_OBJC_ISA_USAGE = YES_ERROR;
				CLANG_WARN_EMPTY_BODY = YES;
				CLANG_WARN_ENUM_CONVERSION = YES;
				CLANG_WARN_INT_CONVERSION = YES;
				CLANG_WARN_OBJC_ROOT_CLASS = YES_ERROR;
				CLANG_WARN_UNREACHABLE_CODE = YES;
				CLANG_WARN__DUPLICATE_METHOD_MATCH = YES;
				"CODE_SIGN_IDENTITY[sdk=iphoneos*]" = "iPhone Developer";
				COPY_PHASE_STRIP = NO;
				ENABLE_STRICT_OBJC_MSGSEND = YES;
				GCC_C_LANGUAGE_STANDARD = gnu99;
				GCC_DYNAMIC_NO_PIC = NO;
				GCC_OPTIMIZATION_LEVEL = 0;
				GCC_PREPROCESSOR_DEFINITIONS = (
					"DEBUG=1",
					"$(inherited)",
				);
				GCC_SYMBOLS_PRIVATE_EXTERN = NO;
				GCC_WARN_64_TO_32_BIT_CONVERSION = YES;
				GCC_WARN_ABOUT_RETURN_TYPE = YES_ERROR;
				GCC_WARN_UNDECLARED_SELECTOR = YES;
				GCC_WARN_UNINITIALIZED_AUTOS = YES_AGGRESSIVE;
				GCC_WARN_UNUSED_FUNCTION = YES;
				GCC_WARN_UNUSED_VARIABLE = YES;
				IPHONEOS_DEPLOYMENT_TARGET = 8.1;
				MTL_ENABLE_DEBUG_INFO = YES;
				ONLY_ACTIVE_ARCH = YES;
				SDKROOT = iphoneos;
				TARGETED_DEVICE_FAMILY = "1,2";
			};
			name = Debug;
		};
		89E6EE031A88A7A10084F8ED /* Release */ = {
			isa = XCBuildConfiguration;
			buildSettings = {
				ALWAYS_SEARCH_USER_PATHS = NO;
				CLANG_CXX_LANGUAGE_STANDARD = "gnu++0x";
				CLANG_CXX_LIBRARY = "libc++";
				CLANG_ENABLE_MODULES = YES;
				CLANG_ENABLE_OBJC_ARC = YES;
				CLANG_WARN_BOOL_CONVERSION = YES;
				CLANG_WARN_CONSTANT_CONVERSION = YES;
				CLANG_WARN_DIRECT_OBJC_ISA_USAGE = YES_ERROR;
				CLANG_WARN_EMPTY_BODY = YES;
				CLANG_WARN_ENUM_CONVERSION = YES;
				CLANG_WARN_INT_CONVERSION = YES;
				CLANG_WARN_OBJC_ROOT_CLASS = YES_ERROR;
				CLANG_WARN_UNREACHABLE_CODE = YES;
				CLANG_WARN__DUPLICATE_METHOD_MATCH = YES;
				"CODE_SIGN_IDENTITY[sdk=iphoneos*]" = "iPhone Developer";
				COPY_PHASE_STRIP = YES;
				ENABLE_NS_ASSERTIONS = NO;
				ENABLE_STRICT_OBJC_MSGSEND = YES;
				GCC_C_LANGUAGE_STANDARD = gnu99;
				GCC_WARN_64_TO_32_BIT_CONVERSION = YES;
				GCC_WARN_ABOUT_RETURN_TYPE = YES_ERROR;
				GCC_WARN_UNDECLARED_SELECTOR = YES;
				GCC_WARN_UNINITIALIZED_AUTOS = YES_AGGRESSIVE;
				GCC_WARN_UNUSED_FUNCTION = YES;
				GCC_WARN_UNUSED_VARIABLE = YES;
				IPHONEOS_DEPLOYMENT_TARGET = 8.1;
				MTL_ENABLE_DEBUG_INFO = NO;
				SDKROOT = iphoneos;
				TARGETED_DEVICE_FAMILY = "1,2";
				VALIDATE_PRODUCT = YES;
			};
			name = Release;
		};
		89E6EE051A88A7A10084F8ED /* Debug */ = {
			isa = XCBuildConfiguration;
			buildSettings = {
				ASSETCATALOG_COMPILER_APPICON_NAME = AppIcon;
				GCC_PRECOMPILE_PREFIX_HEADER = YES;
				GCC_PREFIX_HEADER = KungFu_IOS/KungFu_IOS.pch;
				INFOPLIST_FILE = KungFu_IOS/Info.plist;
				LD_RUNPATH_SEARCH_PATHS = "$(inherited) @executable_path/Frameworks";
				PRODUCT_NAME = "$(TARGET_NAME)";
			};
			name = Debug;
		};
		89E6EE061A88A7A10084F8ED /* Release */ = {
			isa = XCBuildConfiguration;
			buildSettings = {
				ASSETCATALOG_COMPILER_APPICON_NAME = AppIcon;
				GCC_PRECOMPILE_PREFIX_HEADER = YES;
				GCC_PREFIX_HEADER = KungFu_IOS/KungFu_IOS.pch;
				INFOPLIST_FILE = KungFu_IOS/Info.plist;
				LD_RUNPATH_SEARCH_PATHS = "$(inherited) @executable_path/Frameworks";
				PRODUCT_NAME = "$(TARGET_NAME)";
			};
			name = Release;
		};
		89E6EE081A88A7A10084F8ED /* Debug */ = {
			isa = XCBuildConfiguration;
			buildSettings = {
				BUNDLE_LOADER = "$(TEST_HOST)";
				FRAMEWORK_SEARCH_PATHS = (
					"$(SDKROOT)/Developer/Library/Frameworks",
					"$(inherited)",
				);
				GCC_PREPROCESSOR_DEFINITIONS = (
					"DEBUG=1",
					"$(inherited)",
				);
				INFOPLIST_FILE = KungFu_IOSTests/Info.plist;
				LD_RUNPATH_SEARCH_PATHS = "$(inherited) @executable_path/Frameworks @loader_path/Frameworks";
				PRODUCT_NAME = "$(TARGET_NAME)";
				TEST_HOST = "$(BUILT_PRODUCTS_DIR)/KungFu_IOS.app/KungFu_IOS";
			};
			name = Debug;
		};
		89E6EE091A88A7A10084F8ED /* Release */ = {
			isa = XCBuildConfiguration;
			buildSettings = {
				BUNDLE_LOADER = "$(TEST_HOST)";
				FRAMEWORK_SEARCH_PATHS = (
					"$(SDKROOT)/Developer/Library/Frameworks",
					"$(inherited)",
				);
				INFOPLIST_FILE = KungFu_IOSTests/Info.plist;
				LD_RUNPATH_SEARCH_PATHS = "$(inherited) @executable_path/Frameworks @loader_path/Frameworks";
				PRODUCT_NAME = "$(TARGET_NAME)";
				TEST_HOST = "$(BUILT_PRODUCTS_DIR)/KungFu_IOS.app/KungFu_IOS";
			};
			name = Release;
		};
/* End XCBuildConfiguration section */

/* Begin XCConfigurationList section */
		89E6EDDC1A88A7A00084F8ED /* Build configuration list for PBXProject "KungFu_IOS" */ = {
			isa = XCConfigurationList;
			buildConfigurations = (
				89E6EE021A88A7A10084F8ED /* Debug */,
				89E6EE031A88A7A10084F8ED /* Release */,
			);
			defaultConfigurationIsVisible = 0;
			defaultConfigurationName = Release;
		};
		89E6EE041A88A7A10084F8ED /* Build configuration list for PBXNativeTarget "KungFu_IOS" */ = {
			isa = XCConfigurationList;
			buildConfigurations = (
				89E6EE051A88A7A10084F8ED /* Debug */,
				89E6EE061A88A7A10084F8ED /* Release */,
			);
			defaultConfigurationIsVisible = 0;
			defaultConfigurationName = Release;
		};
		89E6EE071A88A7A10084F8ED /* Build configuration list for PBXNativeTarget "KungFu_IOSTests" */ = {
			isa = XCConfigurationList;
			buildConfigurations = (
				89E6EE081A88A7A10084F8ED /* Debug */,
				89E6EE091A88A7A10084F8ED /* Release */,
			);
			defaultConfigurationIsVisible = 0;
			defaultConfigurationName = Release;
		};
/* End XCConfigurationList section */
	};
	rootObject = 89E6EDD91A88A7A00084F8ED /* Project object */;
}
