// !$*UTF8*$!
{
	archiveVersion = 1;
	classes = {
	};
	objectVersion = 46;
	objects = {

/* Begin PBXBuildFile section */
		8902A5B91ADA39E4004FD786 /* RuntimeDemoViewController.m in Sources */ = {isa = PBXBuildFile; fileRef = 8902A5B81ADA39E4004FD786 /* RuntimeDemoViewController.m */; };
		8902A5BC1ADA5241004FD786 /* NSArray+Swizzle.m in Sources */ = {isa = PBXBuildFile; fileRef = 8902A5BB1ADA5241004FD786 /* NSArray+Swizzle.m */; };
		8902A5C01ADBBE26004FD786 /* ImagePinchTestViewController.m in Sources */ = {isa = PBXBuildFile; fileRef = 8902A5BF1ADBBE26004FD786 /* ImagePinchTestViewController.m */; };
		8902A5C31ADBBE3E004FD786 /* RSKImageScrollView.m in Sources */ = {isa = PBXBuildFile; fileRef = 8902A5C21ADBBE3E004FD786 /* RSKImageScrollView.m */; };
		8902A5C81ADBCC29004FD786 /* CAImageScrollView.m in Sources */ = {isa = PBXBuildFile; fileRef = 8902A5C51ADBCC29004FD786 /* CAImageScrollView.m */; };
		8902A5C91ADBCC29004FD786 /* CATapImageView.m in Sources */ = {isa = PBXBuildFile; fileRef = 8902A5C71ADBCC29004FD786 /* CATapImageView.m */; };
		8902A5CC1ADBCE4F004FD786 /* DDImageScrollView.m in Sources */ = {isa = PBXBuildFile; fileRef = 8902A5CB1ADBCE4F004FD786 /* DDImageScrollView.m */; };
		8902A5CE1ADBD9DB004FD786 /* angrybird.jpg in Resources */ = {isa = PBXBuildFile; fileRef = 8902A5CD1ADBD9DB004FD786 /* angrybird.jpg */; };
		890B53B91AEFB00E00E3E66B /* AttributeStringViewController.m in Sources */ = {isa = PBXBuildFile; fileRef = 890B53B81AEFB00E00E3E66B /* AttributeStringViewController.m */; };
		890E271E1AB3DE17006C0CCE /* SimpleCircleMoveViewController.m in Sources */ = {isa = PBXBuildFile; fileRef = 890E271D1AB3DE17006C0CCE /* SimpleCircleMoveViewController.m */; };
		891E172D1A90515E009B7F9F /* ClockFace.png in Resources */ = {isa = PBXBuildFile; fileRef = 891E17251A90515E009B7F9F /* ClockFace.png */; };
		891E172E1A90515E009B7F9F /* ClockFace@2x.png in Resources */ = {isa = PBXBuildFile; fileRef = 891E17261A90515E009B7F9F /* ClockFace@2x.png */; };
		891E172F1A90515E009B7F9F /* HourHand.png in Resources */ = {isa = PBXBuildFile; fileRef = 891E17271A90515E009B7F9F /* HourHand.png */; };
		891E17301A90515E009B7F9F /* HourHand@2x.png in Resources */ = {isa = PBXBuildFile; fileRef = 891E17281A90515E009B7F9F /* HourHand@2x.png */; };
		891E17311A90515E009B7F9F /* MinuteHand.png in Resources */ = {isa = PBXBuildFile; fileRef = 891E17291A90515E009B7F9F /* MinuteHand.png */; };
		891E17321A90515E009B7F9F /* MinuteHand@2x.png in Resources */ = {isa = PBXBuildFile; fileRef = 891E172A1A90515E009B7F9F /* MinuteHand@2x.png */; };
		891E17331A90515E009B7F9F /* SecondHand.png in Resources */ = {isa = PBXBuildFile; fileRef = 891E172B1A90515E009B7F9F /* SecondHand.png */; };
		891E17341A90515E009B7F9F /* SecondHand@2x.png in Resources */ = {isa = PBXBuildFile; fileRef = 891E172C1A90515E009B7F9F /* SecondHand@2x.png */; };
		891E17371A9051B5009B7F9F /* SimpleClockViewController.m in Sources */ = {isa = PBXBuildFile; fileRef = 891E17361A9051B5009B7F9F /* SimpleClockViewController.m */; };
		891E173B1A948730009B7F9F /* CAShapeLayerTestViewController.m in Sources */ = {isa = PBXBuildFile; fileRef = 891E173A1A948730009B7F9F /* CAShapeLayerTestViewController.m */; };
		891E17411AA6B035009B7F9F /* CATextLayerTestViewController.m in Sources */ = {isa = PBXBuildFile; fileRef = 891E17401AA6B035009B7F9F /* CATextLayerTestViewController.m */; };
		891E17461AA6B063009B7F9F /* PerlinNoise.m in Sources */ = {isa = PBXBuildFile; fileRef = 891E17451AA6B063009B7F9F /* PerlinNoise.m */; };
		891E174A1AA6B0AC009B7F9F /* PerlinNoiseTestViewController.m in Sources */ = {isa = PBXBuildFile; fileRef = 891E17491AA6B0AC009B7F9F /* PerlinNoiseTestViewController.m */; };
		894784681AF7642300D50A07 /* KeychainItemWrapper.m in Sources */ = {isa = PBXBuildFile; fileRef = 894784671AF7642300D50A07 /* KeychainItemWrapper.m */; settings = {COMPILER_FLAGS = "-fno-objc-arc"; }; };
		8949005D1B59F30200D953FA /* ShakeTestViewController.m in Sources */ = {isa = PBXBuildFile; fileRef = 8949005C1B59F30200D953FA /* ShakeTestViewController.m */; };
		8949005F1B5A28E600D953FA /* glass.wav in Resources */ = {isa = PBXBuildFile; fileRef = 8949005E1B5A28E600D953FA /* glass.wav */; };
		894900621B5A2B7000D953FA /* ShakeResponderView.m in Sources */ = {isa = PBXBuildFile; fileRef = 894900611B5A2B7000D953FA /* ShakeResponderView.m */; };
		894900651B5A320600D953FA /* CardView.m in Sources */ = {isa = PBXBuildFile; fileRef = 894900641B5A320600D953FA /* CardView.m */; };
		894900681B5A4B2300D953FA /* UIView+Shake.m in Sources */ = {isa = PBXBuildFile; fileRef = 894900671B5A4B2300D953FA /* UIView+Shake.m */; };
		895754F81AAC0E4600D21ED3 /* ImplicitAnimationsViewController.m in Sources */ = {isa = PBXBuildFile; fileRef = 895754F71AAC0E4600D21ED3 /* ImplicitAnimationsViewController.m */; };
		895755011AAC57F600D21ED3 /* LandscapeSpawner.m in Sources */ = {isa = PBXBuildFile; fileRef = 895755001AAC57F600D21ED3 /* LandscapeSpawner.m */; };
		895755041AAD57D000D21ED3 /* KungFuHelper.m in Sources */ = {isa = PBXBuildFile; fileRef = 895755031AAD57D000D21ED3 /* KungFuHelper.m */; };
		895D18641CE61316008772EA /* BLBezierView.m in Sources */ = {isa = PBXBuildFile; fileRef = 895D18611CE61316008772EA /* BLBezierView.m */; };
		895D18651CE61316008772EA /* PWBezier.m in Sources */ = {isa = PBXBuildFile; fileRef = 895D18631CE61316008772EA /* PWBezier.m */; };
		895D18681CE61346008772EA /* AppleLogoViewController.m in Sources */ = {isa = PBXBuildFile; fileRef = 895D18671CE61346008772EA /* AppleLogoViewController.m */; };
		896912C81AB04D3800B0A760 /* CAWaterWaveDemoView.m in Sources */ = {isa = PBXBuildFile; fileRef = 896912C71AB04D3800B0A760 /* CAWaterWaveDemoView.m */; };
		897023A91AA942F500AF5805 /* DreamTravelTestViewController.m in Sources */ = {isa = PBXBuildFile; fileRef = 897023A81AA942F500AF5805 /* DreamTravelTestViewController.m */; };
		897023AC1AA94AC600AF5805 /* LandscapeAtom.m in Sources */ = {isa = PBXBuildFile; fileRef = 897023AB1AA94AC600AF5805 /* LandscapeAtom.m */; };
		8983AABA1AD8EAA2007C362A /* ImageResizableTestViewController.m in Sources */ = {isa = PBXBuildFile; fileRef = 8983AAB91AD8EAA2007C362A /* ImageResizableTestViewController.m */; };
		8983AABC1AD8EBED007C362A /* bj_dropdown@2x.png in Resources */ = {isa = PBXBuildFile; fileRef = 8983AABB1AD8EBED007C362A /* bj_dropdown@2x.png */; };
		8993A7C61AE9054A00C42A82 /* KungFuDateTest.m in Sources */ = {isa = PBXBuildFile; fileRef = 8993A7C51AE9054A00C42A82 /* KungFuDateTest.m */; };
		89AE8BDA1C9EEA4C002F0A5C /* NSOperationTestViewController.m in Sources */ = {isa = PBXBuildFile; fileRef = 89AE8BD91C9EEA4C002F0A5C /* NSOperationTestViewController.m */; };
		89B1F5211A9030BC00965B8E /* ContentTestViewController.m in Sources */ = {isa = PBXBuildFile; fileRef = 89B1F5201A9030BC00965B8E /* ContentTestViewController.m */; };
		89B1F5261A90364100965B8E /* Snowman.png in Resources */ = {isa = PBXBuildFile; fileRef = 89B1F5241A90364100965B8E /* Snowman.png */; };
		89B1F5271A90364100965B8E /* Snowman@2x.png in Resources */ = {isa = PBXBuildFile; fileRef = 89B1F5251A90364100965B8E /* Snowman@2x.png */; };
		89E6EDE71A88A7A10084F8ED /* main.m in Sources */ = {isa = PBXBuildFile; fileRef = 89E6EDE61A88A7A10084F8ED /* main.m */; };
		89E6EDEA1A88A7A10084F8ED /* AppDelegate.m in Sources */ = {isa = PBXBuildFile; fileRef = 89E6EDE91A88A7A10084F8ED /* AppDelegate.m */; };
		89E6EDED1A88A7A10084F8ED /* ViewController.m in Sources */ = {isa = PBXBuildFile; fileRef = 89E6EDEC1A88A7A10084F8ED /* ViewController.m */; };
		89E6EDF01A88A7A10084F8ED /* Main.storyboard in Resources */ = {isa = PBXBuildFile; fileRef = 89E6EDEE1A88A7A10084F8ED /* Main.storyboard */; };
		89E6EDF21A88A7A10084F8ED /* Images.xcassets in Resources */ = {isa = PBXBuildFile; fileRef = 89E6EDF11A88A7A10084F8ED /* Images.xcassets */; };
		89E6EDF51A88A7A10084F8ED /* LaunchScreen.xib in Resources */ = {isa = PBXBuildFile; fileRef = 89E6EDF31A88A7A10084F8ED /* LaunchScreen.xib */; };
		89E6EE011A88A7A10084F8ED /* KungFu_IOSTests.m in Sources */ = {isa = PBXBuildFile; fileRef = 89E6EE001A88A7A10084F8ED /* KungFu_IOSTests.m */; };
		89E6EE0B1A88A8940084F8ED /* KungFu.plist in Resources */ = {isa = PBXBuildFile; fileRef = 89E6EE0A1A88A8940084F8ED /* KungFu.plist */; };
		89E6EE0F1A88ABC20084F8ED /* DandelionViewController.m in Sources */ = {isa = PBXBuildFile; fileRef = 89E6EE0E1A88ABC20084F8ED /* DandelionViewController.m */; };
		89E6EE131A88ABE40084F8ED /* particleTexture@2x.png in Resources */ = {isa = PBXBuildFile; fileRef = 89E6EE111A88ABE40084F8ED /* particleTexture@2x.png */; };
		89E6EE141A88ABE40084F8ED /* point@2x.png in Resources */ = {isa = PBXBuildFile; fileRef = 89E6EE121A88ABE40084F8ED /* point@2x.png */; };
		89E6EE181A88AE3C0084F8ED /* CATravelView.m in Sources */ = {isa = PBXBuildFile; fileRef = 89E6EE171A88AE3C0084F8ED /* CATravelView.m */; };
		89EE15E81CD5979400044FCC /* GCDTestViewController2.m in Sources */ = {isa = PBXBuildFile; fileRef = 89EE15E61CD5979400044FCC /* GCDTestViewController2.m */; };
		89FEE6F11AD5446200515F5A /* BlockTestView.m in Sources */ = {isa = PBXBuildFile; fileRef = 89FEE6F01AD5446200515F5A /* BlockTestView.m */; };
		BD03FF431CE479B60066B3E9 /* InteractiveCardDemoViewController.m in Sources */ = {isa = PBXBuildFile; fileRef = BD03FF421CE479B60066B3E9 /* InteractiveCardDemoViewController.m */; };
		BD09A0701BB8E842004A63E2 /* UIImageViewFlipTestViewController.m in Sources */ = {isa = PBXBuildFile; fileRef = BD09A06F1BB8E842004A63E2 /* UIImageViewFlipTestViewController.m */; };
		BD5A9A6F1BF58C5F00079C63 /* MessageReplaceTests.m in Sources */ = {isa = PBXBuildFile; fileRef = BD5A9A6E1BF58C5F00079C63 /* MessageReplaceTests.m */; };
		BD8714831CB3D8660008D29C /* RuntimeMethodForwardDemoViewController.m in Sources */ = {isa = PBXBuildFile; fileRef = BD8714821CB3D8660008D29C /* RuntimeMethodForwardDemoViewController.m */; };
		BD9BEBAA1BEB468400EA6A04 /* GCDTestViewController.m in Sources */ = {isa = PBXBuildFile; fileRef = BD9BEBA91BEB468400EA6A04 /* GCDTestViewController.m */; };
		BDFAC39B1CE1D9690091E1DD /* UIWindowDemoViewController.m in Sources */ = {isa = PBXBuildFile; fileRef = BDFAC39A1CE1D9690091E1DD /* UIWindowDemoViewController.m */; };
		D579F0E81D1164D4005A83AE /* BlockTestView2.m in Sources */ = {isa = PBXBuildFile; fileRef = D579F0E71D1164D4005A83AE /* BlockTestView2.m */; };
/* End PBXBuildFile section */

/* Begin PBXContainerItemProxy section */
		89E6EDFB1A88A7A10084F8ED /* PBXContainerItemProxy */ = {
			isa = PBXContainerItemProxy;
			containerPortal = 89E6EDD91A88A7A00084F8ED /* Project object */;
			proxyType = 1;
			remoteGlobalIDString = 89E6EDE01A88A7A10084F8ED;
			remoteInfo = KungFu_IOS;
		};
/* End PBXContainerItemProxy section */

/* Begin PBXFileReference section */
		8902A5B71ADA39E4004FD786 /* RuntimeDemoViewController.h */ = {isa = PBXFileReference; fileEncoding = 4; lastKnownFileType = sourcecode.c.h; path = RuntimeDemoViewController.h; sourceTree = "<group>"; };
		8902A5B81ADA39E4004FD786 /* RuntimeDemoViewController.m */ = {isa = PBXFileReference; fileEncoding = 4; lastKnownFileType = sourcecode.c.objc; path = RuntimeDemoViewController.m; sourceTree = "<group>"; };
		8902A5BA1ADA5241004FD786 /* NSArray+Swizzle.h */ = {isa = PBXFileReference; fileEncoding = 4; lastKnownFileType = sourcecode.c.h; path = "NSArray+Swizzle.h"; sourceTree = "<group>"; };
		8902A5BB1ADA5241004FD786 /* NSArray+Swizzle.m */ = {isa = PBXFileReference; fileEncoding = 4; lastKnownFileType = sourcecode.c.objc; path = "NSArray+Swizzle.m"; sourceTree = "<group>"; };
		8902A5BE1ADBBE26004FD786 /* ImagePinchTestViewController.h */ = {isa = PBXFileReference; fileEncoding = 4; lastKnownFileType = sourcecode.c.h; path = ImagePinchTestViewController.h; sourceTree = "<group>"; };
		8902A5BF1ADBBE26004FD786 /* ImagePinchTestViewController.m */ = {isa = PBXFileReference; fileEncoding = 4; lastKnownFileType = sourcecode.c.objc; path = ImagePinchTestViewController.m; sourceTree = "<group>"; };
		8902A5C11ADBBE3E004FD786 /* RSKImageScrollView.h */ = {isa = PBXFileReference; fileEncoding = 4; lastKnownFileType = sourcecode.c.h; path = RSKImageScrollView.h; sourceTree = "<group>"; };
		8902A5C21ADBBE3E004FD786 /* RSKImageScrollView.m */ = {isa = PBXFileReference; fileEncoding = 4; lastKnownFileType = sourcecode.c.objc; path = RSKImageScrollView.m; sourceTree = "<group>"; };
		8902A5C41ADBCC29004FD786 /* CAImageScrollView.h */ = {isa = PBXFileReference; fileEncoding = 4; lastKnownFileType = sourcecode.c.h; path = CAImageScrollView.h; sourceTree = "<group>"; };
		8902A5C51ADBCC29004FD786 /* CAImageScrollView.m */ = {isa = PBXFileReference; fileEncoding = 4; lastKnownFileType = sourcecode.c.objc; path = CAImageScrollView.m; sourceTree = "<group>"; };
		8902A5C61ADBCC29004FD786 /* CATapImageView.h */ = {isa = PBXFileReference; fileEncoding = 4; lastKnownFileType = sourcecode.c.h; path = CATapImageView.h; sourceTree = "<group>"; };
		8902A5C71ADBCC29004FD786 /* CATapImageView.m */ = {isa = PBXFileReference; fileEncoding = 4; lastKnownFileType = sourcecode.c.objc; path = CATapImageView.m; sourceTree = "<group>"; };
		8902A5CA1ADBCE4F004FD786 /* DDImageScrollView.h */ = {isa = PBXFileReference; fileEncoding = 4; lastKnownFileType = sourcecode.c.h; path = DDImageScrollView.h; sourceTree = "<group>"; };
		8902A5CB1ADBCE4F004FD786 /* DDImageScrollView.m */ = {isa = PBXFileReference; fileEncoding = 4; lastKnownFileType = sourcecode.c.objc; path = DDImageScrollView.m; sourceTree = "<group>"; };
		8902A5CD1ADBD9DB004FD786 /* angrybird.jpg */ = {isa = PBXFileReference; lastKnownFileType = image.jpeg; path = angrybird.jpg; sourceTree = "<group>"; };
		890B53B71AEFB00E00E3E66B /* AttributeStringViewController.h */ = {isa = PBXFileReference; fileEncoding = 4; lastKnownFileType = sourcecode.c.h; path = AttributeStringViewController.h; sourceTree = "<group>"; };
		890B53B81AEFB00E00E3E66B /* AttributeStringViewController.m */ = {isa = PBXFileReference; fileEncoding = 4; lastKnownFileType = sourcecode.c.objc; path = AttributeStringViewController.m; sourceTree = "<group>"; };
		890DF9BB1AA98407003AEEEC /* FuntionalMacro.h */ = {isa = PBXFileReference; fileEncoding = 4; lastKnownFileType = sourcecode.c.h; path = FuntionalMacro.h; sourceTree = "<group>"; };
		890E271C1AB3DE17006C0CCE /* SimpleCircleMoveViewController.h */ = {isa = PBXFileReference; fileEncoding = 4; lastKnownFileType = sourcecode.c.h; path = SimpleCircleMoveViewController.h; sourceTree = "<group>"; };
		890E271D1AB3DE17006C0CCE /* SimpleCircleMoveViewController.m */ = {isa = PBXFileReference; fileEncoding = 4; lastKnownFileType = sourcecode.c.objc; path = SimpleCircleMoveViewController.m; sourceTree = "<group>"; };
		891E17251A90515E009B7F9F /* ClockFace.png */ = {isa = PBXFileReference; lastKnownFileType = image.png; path = ClockFace.png; sourceTree = "<group>"; };
		891E17261A90515E009B7F9F /* ClockFace@2x.png */ = {isa = PBXFileReference; lastKnownFileType = image.png; path = "ClockFace@2x.png"; sourceTree = "<group>"; };
		891E17271A90515E009B7F9F /* HourHand.png */ = {isa = PBXFileReference; lastKnownFileType = image.png; path = HourHand.png; sourceTree = "<group>"; };
		891E17281A90515E009B7F9F /* HourHand@2x.png */ = {isa = PBXFileReference; lastKnownFileType = image.png; path = "HourHand@2x.png"; sourceTree = "<group>"; };
		891E17291A90515E009B7F9F /* MinuteHand.png */ = {isa = PBXFileReference; lastKnownFileType = image.png; path = MinuteHand.png; sourceTree = "<group>"; };
		891E172A1A90515E009B7F9F /* MinuteHand@2x.png */ = {isa = PBXFileReference; lastKnownFileType = image.png; path = "MinuteHand@2x.png"; sourceTree = "<group>"; };
		891E172B1A90515E009B7F9F /* SecondHand.png */ = {isa = PBXFileReference; lastKnownFileType = image.png; path = SecondHand.png; sourceTree = "<group>"; };
		891E172C1A90515E009B7F9F /* SecondHand@2x.png */ = {isa = PBXFileReference; lastKnownFileType = image.png; path = "SecondHand@2x.png"; sourceTree = "<group>"; };
		891E17351A9051B5009B7F9F /* SimpleClockViewController.h */ = {isa = PBXFileReference; fileEncoding = 4; lastKnownFileType = sourcecode.c.h; path = SimpleClockViewController.h; sourceTree = "<group>"; };
		891E17361A9051B5009B7F9F /* SimpleClockViewController.m */ = {isa = PBXFileReference; fileEncoding = 4; lastKnownFileType = sourcecode.c.objc; path = SimpleClockViewController.m; sourceTree = "<group>"; };
		891E17381A9052A3009B7F9F /* KungFu_IOS.pch */ = {isa = PBXFileReference; fileEncoding = 4; lastKnownFileType = sourcecode.c.h; path = KungFu_IOS.pch; sourceTree = "<group>"; };
		891E17391A948730009B7F9F /* CAShapeLayerTestViewController.h */ = {isa = PBXFileReference; fileEncoding = 4; lastKnownFileType = sourcecode.c.h; path = CAShapeLayerTestViewController.h; sourceTree = "<group>"; };
		891E173A1A948730009B7F9F /* CAShapeLayerTestViewController.m */ = {isa = PBXFileReference; fileEncoding = 4; lastKnownFileType = sourcecode.c.objc; path = CAShapeLayerTestViewController.m; sourceTree = "<group>"; };
		891E173F1AA6B035009B7F9F /* CATextLayerTestViewController.h */ = {isa = PBXFileReference; fileEncoding = 4; lastKnownFileType = sourcecode.c.h; path = CATextLayerTestViewController.h; sourceTree = "<group>"; };
		891E17401AA6B035009B7F9F /* CATextLayerTestViewController.m */ = {isa = PBXFileReference; fileEncoding = 4; lastKnownFileType = sourcecode.c.objc; path = CATextLayerTestViewController.m; sourceTree = "<group>"; };
		891E17441AA6B063009B7F9F /* PerlinNoise.h */ = {isa = PBXFileReference; fileEncoding = 4; lastKnownFileType = sourcecode.c.h; path = PerlinNoise.h; sourceTree = "<group>"; };
		891E17451AA6B063009B7F9F /* PerlinNoise.m */ = {isa = PBXFileReference; fileEncoding = 4; lastKnownFileType = sourcecode.c.objc; path = PerlinNoise.m; sourceTree = "<group>"; };
		891E17481AA6B0AC009B7F9F /* PerlinNoiseTestViewController.h */ = {isa = PBXFileReference; fileEncoding = 4; lastKnownFileType = sourcecode.c.h; path = PerlinNoiseTestViewController.h; sourceTree = "<group>"; };
		891E17491AA6B0AC009B7F9F /* PerlinNoiseTestViewController.m */ = {isa = PBXFileReference; fileEncoding = 4; lastKnownFileType = sourcecode.c.objc; path = PerlinNoiseTestViewController.m; sourceTree = "<group>"; };
		894784661AF7642300D50A07 /* KeychainItemWrapper.h */ = {isa = PBXFileReference; fileEncoding = 4; lastKnownFileType = sourcecode.c.h; path = KeychainItemWrapper.h; sourceTree = "<group>"; };
		894784671AF7642300D50A07 /* KeychainItemWrapper.m */ = {isa = PBXFileReference; fileEncoding = 4; lastKnownFileType = sourcecode.c.objc; path = KeychainItemWrapper.m; sourceTree = "<group>"; };
		8949005B1B59F30200D953FA /* ShakeTestViewController.h */ = {isa = PBXFileReference; fileEncoding = 4; lastKnownFileType = sourcecode.c.h; path = ShakeTestViewController.h; sourceTree = "<group>"; };
		8949005C1B59F30200D953FA /* ShakeTestViewController.m */ = {isa = PBXFileReference; fileEncoding = 4; lastKnownFileType = sourcecode.c.objc; path = ShakeTestViewController.m; sourceTree = "<group>"; };
		8949005E1B5A28E600D953FA /* glass.wav */ = {isa = PBXFileReference; lastKnownFileType = audio.wav; path = glass.wav; sourceTree = "<group>"; };
		894900601B5A2B7000D953FA /* ShakeResponderView.h */ = {isa = PBXFileReference; fileEncoding = 4; lastKnownFileType = sourcecode.c.h; path = ShakeResponderView.h; sourceTree = "<group>"; };
		894900611B5A2B7000D953FA /* ShakeResponderView.m */ = {isa = PBXFileReference; fileEncoding = 4; lastKnownFileType = sourcecode.c.objc; path = ShakeResponderView.m; sourceTree = "<group>"; };
		894900631B5A320600D953FA /* CardView.h */ = {isa = PBXFileReference; fileEncoding = 4; lastKnownFileType = sourcecode.c.h; path = CardView.h; sourceTree = "<group>"; };
		894900641B5A320600D953FA /* CardView.m */ = {isa = PBXFileReference; fileEncoding = 4; lastKnownFileType = sourcecode.c.objc; path = CardView.m; sourceTree = "<group>"; };
		894900661B5A4B2300D953FA /* UIView+Shake.h */ = {isa = PBXFileReference; fileEncoding = 4; lastKnownFileType = sourcecode.c.h; path = "UIView+Shake.h"; sourceTree = "<group>"; };
		894900671B5A4B2300D953FA /* UIView+Shake.m */ = {isa = PBXFileReference; fileEncoding = 4; lastKnownFileType = sourcecode.c.objc; path = "UIView+Shake.m"; sourceTree = "<group>"; };
		895754F61AAC0E4600D21ED3 /* ImplicitAnimationsViewController.h */ = {isa = PBXFileReference; fileEncoding = 4; lastKnownFileType = sourcecode.c.h; path = ImplicitAnimationsViewController.h; sourceTree = "<group>"; };
		895754F71AAC0E4600D21ED3 /* ImplicitAnimationsViewController.m */ = {isa = PBXFileReference; fileEncoding = 4; lastKnownFileType = sourcecode.c.objc; path = ImplicitAnimationsViewController.m; sourceTree = "<group>"; };
		895754FF1AAC57F600D21ED3 /* LandscapeSpawner.h */ = {isa = PBXFileReference; fileEncoding = 4; lastKnownFileType = sourcecode.c.h; path = LandscapeSpawner.h; sourceTree = "<group>"; };
		895755001AAC57F600D21ED3 /* LandscapeSpawner.m */ = {isa = PBXFileReference; fileEncoding = 4; lastKnownFileType = sourcecode.c.objc; path = LandscapeSpawner.m; sourceTree = "<group>"; };
		895755021AAD57D000D21ED3 /* KungFuHelper.h */ = {isa = PBXFileReference; fileEncoding = 4; lastKnownFileType = sourcecode.c.h; path = KungFuHelper.h; sourceTree = "<group>"; };
		895755031AAD57D000D21ED3 /* KungFuHelper.m */ = {isa = PBXFileReference; fileEncoding = 4; lastKnownFileType = sourcecode.c.objc; path = KungFuHelper.m; sourceTree = "<group>"; };
		895D18601CE61316008772EA /* BLBezierView.h */ = {isa = PBXFileReference; fileEncoding = 4; lastKnownFileType = sourcecode.c.h; path = BLBezierView.h; sourceTree = "<group>"; };
		895D18611CE61316008772EA /* BLBezierView.m */ = {isa = PBXFileReference; fileEncoding = 4; lastKnownFileType = sourcecode.c.objc; path = BLBezierView.m; sourceTree = "<group>"; };
		895D18621CE61316008772EA /* PWBezier.h */ = {isa = PBXFileReference; fileEncoding = 4; lastKnownFileType = sourcecode.c.h; path = PWBezier.h; sourceTree = "<group>"; };
		895D18631CE61316008772EA /* PWBezier.m */ = {isa = PBXFileReference; fileEncoding = 4; lastKnownFileType = sourcecode.c.objc; path = PWBezier.m; sourceTree = "<group>"; };
		895D18661CE61346008772EA /* AppleLogoViewController.h */ = {isa = PBXFileReference; fileEncoding = 4; lastKnownFileType = sourcecode.c.h; path = AppleLogoViewController.h; sourceTree = "<group>"; };
		895D18671CE61346008772EA /* AppleLogoViewController.m */ = {isa = PBXFileReference; fileEncoding = 4; lastKnownFileType = sourcecode.c.objc; path = AppleLogoViewController.m; sourceTree = "<group>"; };
		896912C61AB04D3800B0A760 /* CAWaterWaveDemoView.h */ = {isa = PBXFileReference; fileEncoding = 4; lastKnownFileType = sourcecode.c.h; path = CAWaterWaveDemoView.h; sourceTree = "<group>"; };
		896912C71AB04D3800B0A760 /* CAWaterWaveDemoView.m */ = {isa = PBXFileReference; fileEncoding = 4; lastKnownFileType = sourcecode.c.objc; path = CAWaterWaveDemoView.m; sourceTree = "<group>"; };
		897023A71AA942F500AF5805 /* DreamTravelTestViewController.h */ = {isa = PBXFileReference; fileEncoding = 4; lastKnownFileType = sourcecode.c.h; path = DreamTravelTestViewController.h; sourceTree = "<group>"; };
		897023A81AA942F500AF5805 /* DreamTravelTestViewController.m */ = {isa = PBXFileReference; fileEncoding = 4; lastKnownFileType = sourcecode.c.objc; path = DreamTravelTestViewController.m; sourceTree = "<group>"; };
		897023AA1AA94AC600AF5805 /* LandscapeAtom.h */ = {isa = PBXFileReference; fileEncoding = 4; lastKnownFileType = sourcecode.c.h; path = LandscapeAtom.h; sourceTree = "<group>"; };
		897023AB1AA94AC600AF5805 /* LandscapeAtom.m */ = {isa = PBXFileReference; fileEncoding = 4; lastKnownFileType = sourcecode.c.objc; path = LandscapeAtom.m; sourceTree = "<group>"; };
		8983AAB81AD8EAA2007C362A /* ImageResizableTestViewController.h */ = {isa = PBXFileReference; fileEncoding = 4; lastKnownFileType = sourcecode.c.h; path = ImageResizableTestViewController.h; sourceTree = "<group>"; };
		8983AAB91AD8EAA2007C362A /* ImageResizableTestViewController.m */ = {isa = PBXFileReference; fileEncoding = 4; lastKnownFileType = sourcecode.c.objc; path = ImageResizableTestViewController.m; sourceTree = "<group>"; };
		8983AABB1AD8EBED007C362A /* bj_dropdown@2x.png */ = {isa = PBXFileReference; lastKnownFileType = image.png; path = "bj_dropdown@2x.png"; sourceTree = "<group>"; };
		8993A7C51AE9054A00C42A82 /* KungFuDateTest.m */ = {isa = PBXFileReference; fileEncoding = 4; lastKnownFileType = sourcecode.c.objc; path = KungFuDateTest.m; sourceTree = "<group>"; };
		89AE8BD81C9EEA4C002F0A5C /* NSOperationTestViewController.h */ = {isa = PBXFileReference; fileEncoding = 4; lastKnownFileType = sourcecode.c.h; path = NSOperationTestViewController.h; sourceTree = "<group>"; };
		89AE8BD91C9EEA4C002F0A5C /* NSOperationTestViewController.m */ = {isa = PBXFileReference; fileEncoding = 4; lastKnownFileType = sourcecode.c.objc; path = NSOperationTestViewController.m; sourceTree = "<group>"; };
		89B1F51F1A9030BC00965B8E /* ContentTestViewController.h */ = {isa = PBXFileReference; fileEncoding = 4; lastKnownFileType = sourcecode.c.h; path = ContentTestViewController.h; sourceTree = "<group>"; };
		89B1F5201A9030BC00965B8E /* ContentTestViewController.m */ = {isa = PBXFileReference; fileEncoding = 4; lastKnownFileType = sourcecode.c.objc; path = ContentTestViewController.m; sourceTree = "<group>"; };
		89B1F5241A90364100965B8E /* Snowman.png */ = {isa = PBXFileReference; lastKnownFileType = image.png; path = Snowman.png; sourceTree = "<group>"; };
		89B1F5251A90364100965B8E /* Snowman@2x.png */ = {isa = PBXFileReference; lastKnownFileType = image.png; path = "Snowman@2x.png"; sourceTree = "<group>"; };
		89E6EDE11A88A7A10084F8ED /* KungFu_IOS.app */ = {isa = PBXFileReference; explicitFileType = wrapper.application; includeInIndex = 0; path = KungFu_IOS.app; sourceTree = BUILT_PRODUCTS_DIR; };
		89E6EDE51A88A7A10084F8ED /* Info.plist */ = {isa = PBXFileReference; lastKnownFileType = text.plist.xml; path = Info.plist; sourceTree = "<group>"; };
		89E6EDE61A88A7A10084F8ED /* main.m */ = {isa = PBXFileReference; lastKnownFileType = sourcecode.c.objc; path = main.m; sourceTree = "<group>"; };
		89E6EDE81A88A7A10084F8ED /* AppDelegate.h */ = {isa = PBXFileReference; lastKnownFileType = sourcecode.c.h; path = AppDelegate.h; sourceTree = "<group>"; };
		89E6EDE91A88A7A10084F8ED /* AppDelegate.m */ = {isa = PBXFileReference; lastKnownFileType = sourcecode.c.objc; path = AppDelegate.m; sourceTree = "<group>"; };
		89E6EDEB1A88A7A10084F8ED /* ViewController.h */ = {isa = PBXFileReference; lastKnownFileType = sourcecode.c.h; path = ViewController.h; sourceTree = "<group>"; };
		89E6EDEC1A88A7A10084F8ED /* ViewController.m */ = {isa = PBXFileReference; lastKnownFileType = sourcecode.c.objc; path = ViewController.m; sourceTree = "<group>"; };
		89E6EDEF1A88A7A10084F8ED /* Base */ = {isa = PBXFileReference; lastKnownFileType = file.storyboard; name = Base; path = Base.lproj/Main.storyboard; sourceTree = "<group>"; };
		89E6EDF11A88A7A10084F8ED /* Images.xcassets */ = {isa = PBXFileReference; lastKnownFileType = folder.assetcatalog; path = Images.xcassets; sourceTree = "<group>"; };
		89E6EDF41A88A7A10084F8ED /* Base */ = {isa = PBXFileReference; lastKnownFileType = file.xib; name = Base; path = Base.lproj/LaunchScreen.xib; sourceTree = "<group>"; };
		89E6EDFA1A88A7A10084F8ED /* KungFu_IOSTests.xctest */ = {isa = PBXFileReference; explicitFileType = wrapper.cfbundle; includeInIndex = 0; path = KungFu_IOSTests.xctest; sourceTree = BUILT_PRODUCTS_DIR; };
		89E6EDFF1A88A7A10084F8ED /* Info.plist */ = {isa = PBXFileReference; lastKnownFileType = text.plist.xml; path = Info.plist; sourceTree = "<group>"; };
		89E6EE001A88A7A10084F8ED /* KungFu_IOSTests.m */ = {isa = PBXFileReference; lastKnownFileType = sourcecode.c.objc; path = KungFu_IOSTests.m; sourceTree = "<group>"; };
		89E6EE0A1A88A8940084F8ED /* KungFu.plist */ = {isa = PBXFileReference; fileEncoding = 4; lastKnownFileType = text.plist.xml; path = KungFu.plist; sourceTree = "<group>"; };
		89E6EE0D1A88ABC20084F8ED /* DandelionViewController.h */ = {isa = PBXFileReference; fileEncoding = 4; lastKnownFileType = sourcecode.c.h; path = DandelionViewController.h; sourceTree = "<group>"; };
		89E6EE0E1A88ABC20084F8ED /* DandelionViewController.m */ = {isa = PBXFileReference; fileEncoding = 4; lastKnownFileType = sourcecode.c.objc; path = DandelionViewController.m; sourceTree = "<group>"; };
		89E6EE111A88ABE40084F8ED /* particleTexture@2x.png */ = {isa = PBXFileReference; lastKnownFileType = image.png; path = "particleTexture@2x.png"; sourceTree = "<group>"; };
		89E6EE121A88ABE40084F8ED /* point@2x.png */ = {isa = PBXFileReference; lastKnownFileType = image.png; path = "point@2x.png"; sourceTree = "<group>"; };
		89E6EE161A88AE3C0084F8ED /* CATravelView.h */ = {isa = PBXFileReference; fileEncoding = 4; lastKnownFileType = sourcecode.c.h; path = CATravelView.h; sourceTree = "<group>"; };
		89E6EE171A88AE3C0084F8ED /* CATravelView.m */ = {isa = PBXFileReference; fileEncoding = 4; lastKnownFileType = sourcecode.c.objc; path = CATravelView.m; sourceTree = "<group>"; };
		89E6EE191A88AE520084F8ED /* CACONSTS.h */ = {isa = PBXFileReference; fileEncoding = 4; lastKnownFileType = sourcecode.c.h; path = CACONSTS.h; sourceTree = "<group>"; };
		89EE15E51CD5979400044FCC /* GCDTestViewController2.h */ = {isa = PBXFileReference; fileEncoding = 4; lastKnownFileType = sourcecode.c.h; path = GCDTestViewController2.h; sourceTree = "<group>"; };
		89EE15E61CD5979400044FCC /* GCDTestViewController2.m */ = {isa = PBXFileReference; fileEncoding = 4; lastKnownFileType = sourcecode.c.objc; path = GCDTestViewController2.m; sourceTree = "<group>"; };
		89FEE6EF1AD5446200515F5A /* BlockTestView.h */ = {isa = PBXFileReference; fileEncoding = 4; lastKnownFileType = sourcecode.c.h; path = BlockTestView.h; sourceTree = "<group>"; };
		89FEE6F01AD5446200515F5A /* BlockTestView.m */ = {isa = PBXFileReference; fileEncoding = 4; lastKnownFileType = sourcecode.c.objc; path = BlockTestView.m; sourceTree = "<group>"; };
		BD03FF411CE479B60066B3E9 /* InteractiveCardDemoViewController.h */ = {isa = PBXFileReference; fileEncoding = 4; lastKnownFileType = sourcecode.c.h; path = InteractiveCardDemoViewController.h; sourceTree = "<group>"; };
		BD03FF421CE479B60066B3E9 /* InteractiveCardDemoViewController.m */ = {isa = PBXFileReference; fileEncoding = 4; lastKnownFileType = sourcecode.c.objc; path = InteractiveCardDemoViewController.m; sourceTree = "<group>"; };
		BD09A06E1BB8E842004A63E2 /* UIImageViewFlipTestViewController.h */ = {isa = PBXFileReference; fileEncoding = 4; lastKnownFileType = sourcecode.c.h; path = UIImageViewFlipTestViewController.h; sourceTree = "<group>"; };
		BD09A06F1BB8E842004A63E2 /* UIImageViewFlipTestViewController.m */ = {isa = PBXFileReference; fileEncoding = 4; lastKnownFileType = sourcecode.c.objc; path = UIImageViewFlipTestViewController.m; sourceTree = "<group>"; };
		BD5A9A6E1BF58C5F00079C63 /* MessageReplaceTests.m */ = {isa = PBXFileReference; fileEncoding = 4; lastKnownFileType = sourcecode.c.objc; path = MessageReplaceTests.m; sourceTree = "<group>"; };
		BD8714811CB3D8660008D29C /* RuntimeMethodForwardDemoViewController.h */ = {isa = PBXFileReference; fileEncoding = 4; lastKnownFileType = sourcecode.c.h; path = RuntimeMethodForwardDemoViewController.h; sourceTree = "<group>"; };
		BD8714821CB3D8660008D29C /* RuntimeMethodForwardDemoViewController.m */ = {isa = PBXFileReference; fileEncoding = 4; lastKnownFileType = sourcecode.c.objc; path = RuntimeMethodForwardDemoViewController.m; sourceTree = "<group>"; };
		BD9BEBA81BEB468400EA6A04 /* GCDTestViewController.h */ = {isa = PBXFileReference; fileEncoding = 4; lastKnownFileType = sourcecode.c.h; path = GCDTestViewController.h; sourceTree = "<group>"; };
		BD9BEBA91BEB468400EA6A04 /* GCDTestViewController.m */ = {isa = PBXFileReference; fileEncoding = 4; lastKnownFileType = sourcecode.c.objc; path = GCDTestViewController.m; sourceTree = "<group>"; };
		BDFAC3991CE1D9690091E1DD /* UIWindowDemoViewController.h */ = {isa = PBXFileReference; fileEncoding = 4; lastKnownFileType = sourcecode.c.h; path = UIWindowDemoViewController.h; sourceTree = "<group>"; };
		BDFAC39A1CE1D9690091E1DD /* UIWindowDemoViewController.m */ = {isa = PBXFileReference; fileEncoding = 4; lastKnownFileType = sourcecode.c.objc; path = UIWindowDemoViewController.m; sourceTree = "<group>"; };
		D579F0E61D1164D4005A83AE /* BlockTestView2.h */ = {isa = PBXFileReference; fileEncoding = 4; lastKnownFileType = sourcecode.c.h; path = BlockTestView2.h; sourceTree = "<group>"; };
		D579F0E71D1164D4005A83AE /* BlockTestView2.m */ = {isa = PBXFileReference; fileEncoding = 4; lastKnownFileType = sourcecode.c.objc; path = BlockTestView2.m; sourceTree = "<group>"; };
/* End PBXFileReference section */

/* Begin PBXFrameworksBuildPhase section */
		89E6EDDE1A88A7A10084F8ED /* Frameworks */ = {
			isa = PBXFrameworksBuildPhase;
			buildActionMask = 2147483647;
			files = (
			);
			runOnlyForDeploymentPostprocessing = 0;
		};
		89E6EDF71A88A7A10084F8ED /* Frameworks */ = {
			isa = PBXFrameworksBuildPhase;
			buildActionMask = 2147483647;
			files = (
			);
			runOnlyForDeploymentPostprocessing = 0;
		};
/* End PBXFrameworksBuildPhase section */

/* Begin PBXGroup section */
		8902A5B61ADA39CE004FD786 /* RuntimeDemo */ = {
			isa = PBXGroup;
			children = (
				8902A5BA1ADA5241004FD786 /* NSArray+Swizzle.h */,
				8902A5BB1ADA5241004FD786 /* NSArray+Swizzle.m */,
				8902A5B71ADA39E4004FD786 /* RuntimeDemoViewController.h */,
				8902A5B81ADA39E4004FD786 /* RuntimeDemoViewController.m */,
				BD8714811CB3D8660008D29C /* RuntimeMethodForwardDemoViewController.h */,
				BD8714821CB3D8660008D29C /* RuntimeMethodForwardDemoViewController.m */,
			);
			path = RuntimeDemo;
			sourceTree = "<group>";
		};
		8902A5BD1ADBBE0D004FD786 /* ImagePinchTest */ = {
			isa = PBXGroup;
			children = (
				8902A5C61ADBCC29004FD786 /* CATapImageView.h */,
				8902A5C71ADBCC29004FD786 /* CATapImageView.m */,
				8902A5C41ADBCC29004FD786 /* CAImageScrollView.h */,
				8902A5C51ADBCC29004FD786 /* CAImageScrollView.m */,
				8902A5C11ADBBE3E004FD786 /* RSKImageScrollView.h */,
				8902A5C21ADBBE3E004FD786 /* RSKImageScrollView.m */,
				8902A5CA1ADBCE4F004FD786 /* DDImageScrollView.h */,
				8902A5CB1ADBCE4F004FD786 /* DDImageScrollView.m */,
				8902A5BE1ADBBE26004FD786 /* ImagePinchTestViewController.h */,
				8902A5BF1ADBBE26004FD786 /* ImagePinchTestViewController.m */,
			);
			path = ImagePinchTest;
			sourceTree = "<group>";
		};
		890B53B61AEFAFF000E3E66B /* AttributeStringTest */ = {
			isa = PBXGroup;
			children = (
				890B53B71AEFB00E00E3E66B /* AttributeStringViewController.h */,
				890B53B81AEFB00E00E3E66B /* AttributeStringViewController.m */,
			);
			path = AttributeStringTest;
			sourceTree = "<group>";
		};
		891E17421AA6B063009B7F9F /* ThirdParty */ = {
			isa = PBXGroup;
			children = (
				895D185F1CE61316008772EA /* PWBezier */,
				894784651AF7642300D50A07 /* KeychainItemWrapper */,
				891E17431AA6B063009B7F9F /* PerlinNoise */,
			);
			path = ThirdParty;
			sourceTree = "<group>";
		};
		891E17431AA6B063009B7F9F /* PerlinNoise */ = {
			isa = PBXGroup;
			children = (
				891E17441AA6B063009B7F9F /* PerlinNoise.h */,
				891E17451AA6B063009B7F9F /* PerlinNoise.m */,
			);
			path = PerlinNoise;
			sourceTree = "<group>";
		};
		891E17471AA6B096009B7F9F /* PerlinNoise */ = {
			isa = PBXGroup;
			children = (
				891E17481AA6B0AC009B7F9F /* PerlinNoiseTestViewController.h */,
				891E17491AA6B0AC009B7F9F /* PerlinNoiseTestViewController.m */,
			);
			path = PerlinNoise;
			sourceTree = "<group>";
		};
		894784651AF7642300D50A07 /* KeychainItemWrapper */ = {
			isa = PBXGroup;
			children = (
				894784661AF7642300D50A07 /* KeychainItemWrapper.h */,
				894784671AF7642300D50A07 /* KeychainItemWrapper.m */,
			);
			path = KeychainItemWrapper;
			sourceTree = "<group>";
		};
		8949005A1B59F2BF00D953FA /* ShakeTest */ = {
			isa = PBXGroup;
			children = (
				894900661B5A4B2300D953FA /* UIView+Shake.h */,
				894900671B5A4B2300D953FA /* UIView+Shake.m */,
				8949005B1B59F30200D953FA /* ShakeTestViewController.h */,
				8949005C1B59F30200D953FA /* ShakeTestViewController.m */,
				894900601B5A2B7000D953FA /* ShakeResponderView.h */,
				894900611B5A2B7000D953FA /* ShakeResponderView.m */,
				8949005E1B5A28E600D953FA /* glass.wav */,
				894900631B5A320600D953FA /* CardView.h */,
				894900641B5A320600D953FA /* CardView.m */,
			);
			path = ShakeTest;
			sourceTree = "<group>";
		};
		895D185F1CE61316008772EA /* PWBezier */ = {
			isa = PBXGroup;
			children = (
				895D18601CE61316008772EA /* BLBezierView.h */,
				895D18611CE61316008772EA /* BLBezierView.m */,
				895D18621CE61316008772EA /* PWBezier.h */,
				895D18631CE61316008772EA /* PWBezier.m */,
			);
			path = PWBezier;
			sourceTree = "<group>";
		};
		897023A61AA942A400AF5805 /* DreamTravel */ = {
			isa = PBXGroup;
			children = (
				897023A71AA942F500AF5805 /* DreamTravelTestViewController.h */,
				897023A81AA942F500AF5805 /* DreamTravelTestViewController.m */,
				890E271C1AB3DE17006C0CCE /* SimpleCircleMoveViewController.h */,
				890E271D1AB3DE17006C0CCE /* SimpleCircleMoveViewController.m */,
				897023AA1AA94AC600AF5805 /* LandscapeAtom.h */,
				897023AB1AA94AC600AF5805 /* LandscapeAtom.m */,
				895754FF1AAC57F600D21ED3 /* LandscapeSpawner.h */,
				895755001AAC57F600D21ED3 /* LandscapeSpawner.m */,
			);
			path = DreamTravel;
			sourceTree = "<group>";
		};
		8983AAB71AD8EA79007C362A /* ImageResizable */ = {
			isa = PBXGroup;
			children = (
				8983AAB81AD8EAA2007C362A /* ImageResizableTestViewController.h */,
				8983AAB91AD8EAA2007C362A /* ImageResizableTestViewController.m */,
			);
			path = ImageResizable;
			sourceTree = "<group>";
		};
		89AE8BD71C9EEA12002F0A5C /* Operation */ = {
			isa = PBXGroup;
			children = (
				89AE8BD81C9EEA4C002F0A5C /* NSOperationTestViewController.h */,
				89AE8BD91C9EEA4C002F0A5C /* NSOperationTestViewController.m */,
			);
			path = Operation;
			sourceTree = "<group>";
		};
		89B1F51E1A90303500965B8E /* CoreAnimation */ = {
			isa = PBXGroup;
			children = (
				89B1F51F1A9030BC00965B8E /* ContentTestViewController.h */,
				89B1F5201A9030BC00965B8E /* ContentTestViewController.m */,
				891E17351A9051B5009B7F9F /* SimpleClockViewController.h */,
				891E17361A9051B5009B7F9F /* SimpleClockViewController.m */,
				891E17391A948730009B7F9F /* CAShapeLayerTestViewController.h */,
				891E173A1A948730009B7F9F /* CAShapeLayerTestViewController.m */,
				891E173F1AA6B035009B7F9F /* CATextLayerTestViewController.h */,
				891E17401AA6B035009B7F9F /* CATextLayerTestViewController.m */,
				895754F61AAC0E4600D21ED3 /* ImplicitAnimationsViewController.h */,
				895754F71AAC0E4600D21ED3 /* ImplicitAnimationsViewController.m */,
			);
			path = CoreAnimation;
			sourceTree = "<group>";
		};
		89E6EDD81A88A7A00084F8ED = {
			isa = PBXGroup;
			children = (
				89E6EDE31A88A7A10084F8ED /* KungFu_IOS */,
				89E6EDFD1A88A7A10084F8ED /* KungFu_IOSTests */,
				89E6EDE21A88A7A10084F8ED /* Products */,
			);
			sourceTree = "<group>";
		};
		89E6EDE21A88A7A10084F8ED /* Products */ = {
			isa = PBXGroup;
			children = (
				89E6EDE11A88A7A10084F8ED /* KungFu_IOS.app */,
				89E6EDFA1A88A7A10084F8ED /* KungFu_IOSTests.xctest */,
			);
			name = Products;
			sourceTree = "<group>";
		};
		89E6EDE31A88A7A10084F8ED /* KungFu_IOS */ = {
			isa = PBXGroup;
			children = (
				89E6EE191A88AE520084F8ED /* CACONSTS.h */,
				890DF9BB1AA98407003AEEEC /* FuntionalMacro.h */,
				89E6EDE81A88A7A10084F8ED /* AppDelegate.h */,
				89E6EDE91A88A7A10084F8ED /* AppDelegate.m */,
				89E6EDEB1A88A7A10084F8ED /* ViewController.h */,
				89E6EDEC1A88A7A10084F8ED /* ViewController.m */,
				895755021AAD57D000D21ED3 /* KungFuHelper.h */,
				895755031AAD57D000D21ED3 /* KungFuHelper.m */,
				BD03FF401CE479960066B3E9 /* Animations */,
				BD9BEBA71BEB463800EA6A04 /* GCD_Test */,
				BD09A06D1BB8E82D004A63E2 /* UIImageViewFlipTest */,
				8949005A1B59F2BF00D953FA /* ShakeTest */,
				890B53B61AEFAFF000E3E66B /* AttributeStringTest */,
				897023A61AA942A400AF5805 /* DreamTravel */,
				891E17471AA6B096009B7F9F /* PerlinNoise */,
				89B1F51E1A90303500965B8E /* CoreAnimation */,
				89AE8BD71C9EEA12002F0A5C /* Operation */,
				89FEE6EE1AD5443900515F5A /* BlockTest */,
				89E6EE151A88AE0E0084F8ED /* Quartz */,
				8983AAB71AD8EA79007C362A /* ImageResizable */,
				8902A5BD1ADBBE0D004FD786 /* ImagePinchTest */,
				89E6EE0C1A88AB980084F8ED /* Dandelion */,
				8902A5B61ADA39CE004FD786 /* RuntimeDemo */,
				891E17421AA6B063009B7F9F /* ThirdParty */,
				BDFAC3981CE1D9590091E1DD /* UIWindow */,
				89E6EDEE1A88A7A10084F8ED /* Main.storyboard */,
				89E6EDF11A88A7A10084F8ED /* Images.xcassets */,
				89E6EDF31A88A7A10084F8ED /* LaunchScreen.xib */,
				89E6EE0A1A88A8940084F8ED /* KungFu.plist */,
				89E6EE101A88ABE40084F8ED /* Resources */,
				89E6EDE41A88A7A10084F8ED /* Supporting Files */,
			);
			path = KungFu_IOS;
			sourceTree = "<group>";
		};
		89E6EDE41A88A7A10084F8ED /* Supporting Files */ = {
			isa = PBXGroup;
			children = (
				89E6EDE51A88A7A10084F8ED /* Info.plist */,
				89E6EDE61A88A7A10084F8ED /* main.m */,
				891E17381A9052A3009B7F9F /* KungFu_IOS.pch */,
			);
			name = "Supporting Files";
			sourceTree = "<group>";
		};
		89E6EDFD1A88A7A10084F8ED /* KungFu_IOSTests */ = {
			isa = PBXGroup;
			children = (
				89E6EE001A88A7A10084F8ED /* KungFu_IOSTests.m */,
				8993A7C51AE9054A00C42A82 /* KungFuDateTest.m */,
				89E6EDFE1A88A7A10084F8ED /* Supporting Files */,
				BD5A9A6E1BF58C5F00079C63 /* MessageReplaceTests.m */,
			);
			path = KungFu_IOSTests;
			sourceTree = "<group>";
		};
		89E6EDFE1A88A7A10084F8ED /* Supporting Files */ = {
			isa = PBXGroup;
			children = (
				89E6EDFF1A88A7A10084F8ED /* Info.plist */,
			);
			name = "Supporting Files";
			sourceTree = "<group>";
		};
		89E6EE0C1A88AB980084F8ED /* Dandelion */ = {
			isa = PBXGroup;
			children = (
				89E6EE0D1A88ABC20084F8ED /* DandelionViewController.h */,
				89E6EE0E1A88ABC20084F8ED /* DandelionViewController.m */,
			);
			path = Dandelion;
			sourceTree = "<group>";
		};
		89E6EE101A88ABE40084F8ED /* Resources */ = {
			isa = PBXGroup;
			children = (
				8902A5CD1ADBD9DB004FD786 /* angrybird.jpg */,
				8983AABB1AD8EBED007C362A /* bj_dropdown@2x.png */,
				891E17251A90515E009B7F9F /* ClockFace.png */,
				891E17261A90515E009B7F9F /* ClockFace@2x.png */,
				891E17271A90515E009B7F9F /* HourHand.png */,
				891E17281A90515E009B7F9F /* HourHand@2x.png */,
				891E17291A90515E009B7F9F /* MinuteHand.png */,
				891E172A1A90515E009B7F9F /* MinuteHand@2x.png */,
				891E172B1A90515E009B7F9F /* SecondHand.png */,
				891E172C1A90515E009B7F9F /* SecondHand@2x.png */,
				89B1F5241A90364100965B8E /* Snowman.png */,
				89B1F5251A90364100965B8E /* Snowman@2x.png */,
				89E6EE111A88ABE40084F8ED /* particleTexture@2x.png */,
				89E6EE121A88ABE40084F8ED /* point@2x.png */,
			);
			path = Resources;
			sourceTree = "<group>";
		};
		89E6EE151A88AE0E0084F8ED /* Quartz */ = {
			isa = PBXGroup;
			children = (
				89E6EE161A88AE3C0084F8ED /* CATravelView.h */,
				89E6EE171A88AE3C0084F8ED /* CATravelView.m */,
				896912C61AB04D3800B0A760 /* CAWaterWaveDemoView.h */,
				896912C71AB04D3800B0A760 /* CAWaterWaveDemoView.m */,
			);
			path = Quartz;
			sourceTree = "<group>";
		};
		89FEE6EE1AD5443900515F5A /* BlockTest */ = {
			isa = PBXGroup;
			children = (
				89FEE6EF1AD5446200515F5A /* BlockTestView.h */,
				89FEE6F01AD5446200515F5A /* BlockTestView.m */,
				D579F0E61D1164D4005A83AE /* BlockTestView2.h */,
				D579F0E71D1164D4005A83AE /* BlockTestView2.m */,
			);
			path = BlockTest;
			sourceTree = "<group>";
		};
		BD03FF401CE479960066B3E9 /* Animations */ = {
			isa = PBXGroup;
			children = (
				BD03FF411CE479B60066B3E9 /* InteractiveCardDemoViewController.h */,
				BD03FF421CE479B60066B3E9 /* InteractiveCardDemoViewController.m */,
				895D18661CE61346008772EA /* AppleLogoViewController.h */,
				895D18671CE61346008772EA /* AppleLogoViewController.m */,
			);
			path = Animations;
			sourceTree = "<group>";
		};
		BD09A06D1BB8E82D004A63E2 /* UIImageViewFlipTest */ = {
			isa = PBXGroup;
			children = (
				BD09A06E1BB8E842004A63E2 /* UIImageViewFlipTestViewController.h */,
				BD09A06F1BB8E842004A63E2 /* UIImageViewFlipTestViewController.m */,
			);
			path = UIImageViewFlipTest;
			sourceTree = "<group>";
		};
		BD9BEBA71BEB463800EA6A04 /* GCD_Test */ = {
			isa = PBXGroup;
			children = (
				BD9BEBA81BEB468400EA6A04 /* GCDTestViewController.h */,
				BD9BEBA91BEB468400EA6A04 /* GCDTestViewController.m */,
				89EE15E51CD5979400044FCC /* GCDTestViewController2.h */,
				89EE15E61CD5979400044FCC /* GCDTestViewController2.m */,
			);
			path = GCD_Test;
			sourceTree = "<group>";
		};
		BDFAC3981CE1D9590091E1DD /* UIWindow */ = {
			isa = PBXGroup;
			children = (
				BDFAC3991CE1D9690091E1DD /* UIWindowDemoViewController.h */,
				BDFAC39A1CE1D9690091E1DD /* UIWindowDemoViewController.m */,
			);
			path = UIWindow;
			sourceTree = "<group>";
		};
/* End PBXGroup section */

/* Begin PBXNativeTarget section */
		89E6EDE01A88A7A10084F8ED /* KungFu_IOS */ = {
			isa = PBXNativeTarget;
			buildConfigurationList = 89E6EE041A88A7A10084F8ED /* Build configuration list for PBXNativeTarget "KungFu_IOS" */;
			buildPhases = (
				89E6EDDD1A88A7A10084F8ED /* Sources */,
				89E6EDDE1A88A7A10084F8ED /* Frameworks */,
				89E6EDDF1A88A7A10084F8ED /* Resources */,
			);
			buildRules = (
			);
			dependencies = (
			);
			name = KungFu_IOS;
			productName = KungFu_IOS;
			productReference = 89E6EDE11A88A7A10084F8ED /* KungFu_IOS.app */;
			productType = "com.apple.product-type.application";
		};
		89E6EDF91A88A7A10084F8ED /* KungFu_IOSTests */ = {
			isa = PBXNativeTarget;
			buildConfigurationList = 89E6EE071A88A7A10084F8ED /* Build configuration list for PBXNativeTarget "KungFu_IOSTests" */;
			buildPhases = (
				89E6EDF61A88A7A10084F8ED /* Sources */,
				89E6EDF71A88A7A10084F8ED /* Frameworks */,
				89E6EDF81A88A7A10084F8ED /* Resources */,
			);
			buildRules = (
			);
			dependencies = (
				89E6EDFC1A88A7A10084F8ED /* PBXTargetDependency */,
			);
			name = KungFu_IOSTests;
			productName = KungFu_IOSTests;
			productReference = 89E6EDFA1A88A7A10084F8ED /* KungFu_IOSTests.xctest */;
			productType = "com.apple.product-type.bundle.unit-test";
		};
/* End PBXNativeTarget section */

/* Begin PBXProject section */
		89E6EDD91A88A7A00084F8ED /* Project object */ = {
			isa = PBXProject;
			attributes = {
				LastUpgradeCheck = 0710;
				ORGANIZATIONNAME = ChildhoodAndy;
				TargetAttributes = {
					89E6EDE01A88A7A10084F8ED = {
						CreatedOnToolsVersion = 6.1.1;
						DevelopmentTeam = 6RUU9PN7NF;
					};
					89E6EDF91A88A7A10084F8ED = {
						CreatedOnToolsVersion = 6.1.1;
						TestTargetID = 89E6EDE01A88A7A10084F8ED;
					};
				};
			};
			buildConfigurationList = 89E6EDDC1A88A7A00084F8ED /* Build configuration list for PBXProject "KungFu_IOS" */;
			compatibilityVersion = "Xcode 3.2";
			developmentRegion = English;
			hasScannedForEncodings = 0;
			knownRegions = (
				en,
				Base,
			);
			mainGroup = 89E6EDD81A88A7A00084F8ED;
			productRefGroup = 89E6EDE21A88A7A10084F8ED /* Products */;
			projectDirPath = "";
			projectRoot = "";
			targets = (
				89E6EDE01A88A7A10084F8ED /* KungFu_IOS */,
				89E6EDF91A88A7A10084F8ED /* KungFu_IOSTests */,
			);
		};
/* End PBXProject section */

/* Begin PBXResourcesBuildPhase section */
		89E6EDDF1A88A7A10084F8ED /* Resources */ = {
			isa = PBXResourcesBuildPhase;
			buildActionMask = 2147483647;
			files = (
				8949005F1B5A28E600D953FA /* glass.wav in Resources */,
				89E6EDF01A88A7A10084F8ED /* Main.storyboard in Resources */,
				89B1F5261A90364100965B8E /* Snowman.png in Resources */,
				891E172E1A90515E009B7F9F /* ClockFace@2x.png in Resources */,
				89B1F5271A90364100965B8E /* Snowman@2x.png in Resources */,
				891E17311A90515E009B7F9F /* MinuteHand.png in Resources */,
				891E17341A90515E009B7F9F /* SecondHand@2x.png in Resources */,
				8902A5CE1ADBD9DB004FD786 /* angrybird.jpg in Resources */,
				891E17331A90515E009B7F9F /* SecondHand.png in Resources */,
				891E17321A90515E009B7F9F /* MinuteHand@2x.png in Resources */,
				89E6EE131A88ABE40084F8ED /* particleTexture@2x.png in Resources */,
				8983AABC1AD8EBED007C362A /* bj_dropdown@2x.png in Resources */,
				891E17301A90515E009B7F9F /* HourHand@2x.png in Resources */,
				89E6EDF51A88A7A10084F8ED /* LaunchScreen.xib in Resources */,
				89E6EE141A88ABE40084F8ED /* point@2x.png in Resources */,
				891E172D1A90515E009B7F9F /* ClockFace.png in Resources */,
				891E172F1A90515E009B7F9F /* HourHand.png in Resources */,
				89E6EE0B1A88A8940084F8ED /* KungFu.plist in Resources */,
				89E6EDF21A88A7A10084F8ED /* Images.xcassets in Resources */,
			);
			runOnlyForDeploymentPostprocessing = 0;
		};
		89E6EDF81A88A7A10084F8ED /* Resources */ = {
			isa = PBXResourcesBuildPhase;
			buildActionMask = 2147483647;
			files = (
			);
			runOnlyForDeploymentPostprocessing = 0;
		};
/* End PBXResourcesBuildPhase section */

/* Begin PBXSourcesBuildPhase section */
		89E6EDDD1A88A7A10084F8ED /* Sources */ = {
			isa = PBXSourcesBuildPhase;
			buildActionMask = 2147483647;
			files = (
				895754F81AAC0E4600D21ED3 /* ImplicitAnimationsViewController.m in Sources */,
				894784681AF7642300D50A07 /* KeychainItemWrapper.m in Sources */,
				8902A5BC1ADA5241004FD786 /* NSArray+Swizzle.m in Sources */,
				8902A5C01ADBBE26004FD786 /* ImagePinchTestViewController.m in Sources */,
				891E17411AA6B035009B7F9F /* CATextLayerTestViewController.m in Sources */,
				891E173B1A948730009B7F9F /* CAShapeLayerTestViewController.m in Sources */,
				8902A5C81ADBCC29004FD786 /* CAImageScrollView.m in Sources */,
				8949005D1B59F30200D953FA /* ShakeTestViewController.m in Sources */,
				89FEE6F11AD5446200515F5A /* BlockTestView.m in Sources */,
				895755011AAC57F600D21ED3 /* LandscapeSpawner.m in Sources */,
				BD09A0701BB8E842004A63E2 /* UIImageViewFlipTestViewController.m in Sources */,
				BD8714831CB3D8660008D29C /* RuntimeMethodForwardDemoViewController.m in Sources */,
				89EE15E81CD5979400044FCC /* GCDTestViewController2.m in Sources */,
				890E271E1AB3DE17006C0CCE /* SimpleCircleMoveViewController.m in Sources */,
				891E17461AA6B063009B7F9F /* PerlinNoise.m in Sources */,
				89E6EDED1A88A7A10084F8ED /* ViewController.m in Sources */,
				891E174A1AA6B0AC009B7F9F /* PerlinNoiseTestViewController.m in Sources */,
				8902A5B91ADA39E4004FD786 /* RuntimeDemoViewController.m in Sources */,
				8902A5C31ADBBE3E004FD786 /* RSKImageScrollView.m in Sources */,
				895D18651CE61316008772EA /* PWBezier.m in Sources */,
				89E6EE0F1A88ABC20084F8ED /* DandelionViewController.m in Sources */,
				897023AC1AA94AC600AF5805 /* LandscapeAtom.m in Sources */,
				895755041AAD57D000D21ED3 /* KungFuHelper.m in Sources */,
				D579F0E81D1164D4005A83AE /* BlockTestView2.m in Sources */,
				8983AABA1AD8EAA2007C362A /* ImageResizableTestViewController.m in Sources */,
				89B1F5211A9030BC00965B8E /* ContentTestViewController.m in Sources */,
				89E6EDEA1A88A7A10084F8ED /* AppDelegate.m in Sources */,
				890B53B91AEFB00E00E3E66B /* AttributeStringViewController.m in Sources */,
				8902A5C91ADBCC29004FD786 /* CATapImageView.m in Sources */,
				894900681B5A4B2300D953FA /* UIView+Shake.m in Sources */,
				BDFAC39B1CE1D9690091E1DD /* UIWindowDemoViewController.m in Sources */,
				897023A91AA942F500AF5805 /* DreamTravelTestViewController.m in Sources */,
				891E17371A9051B5009B7F9F /* SimpleClockViewController.m in Sources */,
				894900651B5A320600D953FA /* CardView.m in Sources */,
				89E6EE181A88AE3C0084F8ED /* CATravelView.m in Sources */,
				895D18641CE61316008772EA /* BLBezierView.m in Sources */,
				89E6EDE71A88A7A10084F8ED /* main.m in Sources */,
				BD03FF431CE479B60066B3E9 /* InteractiveCardDemoViewController.m in Sources */,
				89AE8BDA1C9EEA4C002F0A5C /* NSOperationTestViewController.m in Sources */,
				BD9BEBAA1BEB468400EA6A04 /* GCDTestViewController.m in Sources */,
				896912C81AB04D3800B0A760 /* CAWaterWaveDemoView.m in Sources */,
				895D18681CE61346008772EA /* AppleLogoViewController.m in Sources */,
				8902A5CC1ADBCE4F004FD786 /* DDImageScrollView.m in Sources */,
				894900621B5A2B7000D953FA /* ShakeResponderView.m in Sources */,
			);
			runOnlyForDeploymentPostprocessing = 0;
		};
		89E6EDF61A88A7A10084F8ED /* Sources */ = {
			isa = PBXSourcesBuildPhase;
			buildActionMask = 2147483647;
			files = (
				BD5A9A6F1BF58C5F00079C63 /* MessageReplaceTests.m in Sources */,
				89E6EE011A88A7A10084F8ED /* KungFu_IOSTests.m in Sources */,
				8993A7C61AE9054A00C42A82 /* KungFuDateTest.m in Sources */,
			);
			runOnlyForDeploymentPostprocessing = 0;
		};
/* End PBXSourcesBuildPhase section */

/* Begin PBXTargetDependency section */
		89E6EDFC1A88A7A10084F8ED /* PBXTargetDependency */ = {
			isa = PBXTargetDependency;
			target = 89E6EDE01A88A7A10084F8ED /* KungFu_IOS */;
			targetProxy = 89E6EDFB1A88A7A10084F8ED /* PBXContainerItemProxy */;
		};
/* End PBXTargetDependency section */

/* Begin PBXVariantGroup section */
		89E6EDEE1A88A7A10084F8ED /* Main.storyboard */ = {
			isa = PBXVariantGroup;
			children = (
				89E6EDEF1A88A7A10084F8ED /* Base */,
			);
			name = Main.storyboard;
			sourceTree = "<group>";
		};
		89E6EDF31A88A7A10084F8ED /* LaunchScreen.xib */ = {
			isa = PBXVariantGroup;
			children = (
				89E6EDF41A88A7A10084F8ED /* Base */,
			);
			name = LaunchScreen.xib;
			sourceTree = "<group>";
		};
/* End PBXVariantGroup section */

/* Begin XCBuildConfiguration section */
		89E6EE021A88A7A10084F8ED /* Debug */ = {
			isa = XCBuildConfiguration;
			buildSettings = {
				ALWAYS_SEARCH_USER_PATHS = NO;
				CLANG_CXX_LANGUAGE_STANDARD = "gnu++0x";
				CLANG_CXX_LIBRARY = "libc++";
				CLANG_ENABLE_MODULES = YES;
				CLANG_ENABLE_OBJC_ARC = YES;
				CLANG_WARN_BOOL_CONVERSION = YES;
				CLANG_WARN_CONSTANT_CONVERSION = YES;
				CLANG_WARN_DIRECT_OBJC_ISA_USAGE = YES_ERROR;
				CLANG_WARN_EMPTY_BODY = YES;
				CLANG_WARN_ENUM_CONVERSION = YES;
				CLANG_WARN_INT_CONVERSION = YES;
				CLANG_WARN_OBJC_ROOT_CLASS = YES_ERROR;
				CLANG_WARN_UNREACHABLE_CODE = YES;
				CLANG_WARN__DUPLICATE_METHOD_MATCH = YES;
				CODE_SIGN_IDENTITY = "";
				"CODE_SIGN_IDENTITY[sdk=iphoneos*]" = "";
				COPY_PHASE_STRIP = NO;
				ENABLE_STRICT_OBJC_MSGSEND = YES;
				ENABLE_TESTABILITY = YES;
				GCC_C_LANGUAGE_STANDARD = gnu99;
				GCC_DYNAMIC_NO_PIC = NO;
				GCC_OPTIMIZATION_LEVEL = 0;
				GCC_PREPROCESSOR_DEFINITIONS = (
					"DEBUG=1",
					"$(inherited)",
				);
				GCC_SYMBOLS_PRIVATE_EXTERN = NO;
				GCC_WARN_64_TO_32_BIT_CONVERSION = YES;
				GCC_WARN_ABOUT_RETURN_TYPE = YES_ERROR;
				GCC_WARN_UNDECLARED_SELECTOR = YES;
				GCC_WARN_UNINITIALIZED_AUTOS = YES_AGGRESSIVE;
				GCC_WARN_UNUSED_FUNCTION = YES;
				GCC_WARN_UNUSED_VARIABLE = YES;
				IPHONEOS_DEPLOYMENT_TARGET = 7.0;
				MTL_ENABLE_DEBUG_INFO = YES;
				ONLY_ACTIVE_ARCH = YES;
				PROVISIONING_PROFILE = "";
				SDKROOT = iphoneos;
				TARGETED_DEVICE_FAMILY = "1,2";
			};
			name = Debug;
		};
		89E6EE031A88A7A10084F8ED /* Release */ = {
			isa = XCBuildConfiguration;
			buildSettings = {
				ALWAYS_SEARCH_USER_PATHS = NO;
				CLANG_CXX_LANGUAGE_STANDARD = "gnu++0x";
				CLANG_CXX_LIBRARY = "libc++";
				CLANG_ENABLE_MODULES = YES;
				CLANG_ENABLE_OBJC_ARC = YES;
				CLANG_WARN_BOOL_CONVERSION = YES;
				CLANG_WARN_CONSTANT_CONVERSION = YES;
				CLANG_WARN_DIRECT_OBJC_ISA_USAGE = YES_ERROR;
				CLANG_WARN_EMPTY_BODY = YES;
				CLANG_WARN_ENUM_CONVERSION = YES;
				CLANG_WARN_INT_CONVERSION = YES;
				CLANG_WARN_OBJC_ROOT_CLASS = YES_ERROR;
				CLANG_WARN_UNREACHABLE_CODE = YES;
				CLANG_WARN__DUPLICATE_METHOD_MATCH = YES;
				CODE_SIGN_IDENTITY = "";
				"CODE_SIGN_IDENTITY[sdk=iphoneos*]" = "";
				COPY_PHASE_STRIP = YES;
				ENABLE_NS_ASSERTIONS = NO;
				ENABLE_STRICT_OBJC_MSGSEND = YES;
				GCC_C_LANGUAGE_STANDARD = gnu99;
				GCC_WARN_64_TO_32_BIT_CONVERSION = YES;
				GCC_WARN_ABOUT_RETURN_TYPE = YES_ERROR;
				GCC_WARN_UNDECLARED_SELECTOR = YES;
				GCC_WARN_UNINITIALIZED_AUTOS = YES_AGGRESSIVE;
				GCC_WARN_UNUSED_FUNCTION = YES;
				GCC_WARN_UNUSED_VARIABLE = YES;
				IPHONEOS_DEPLOYMENT_TARGET = 7.0;
				MTL_ENABLE_DEBUG_INFO = NO;
				PROVISIONING_PROFILE = "";
				SDKROOT = iphoneos;
				TARGETED_DEVICE_FAMILY = "1,2";
				VALIDATE_PRODUCT = YES;
			};
			name = Release;
		};
		89E6EE051A88A7A10084F8ED /* Debug */ = {
			isa = XCBuildConfiguration;
			buildSettings = {
				ASSETCATALOG_COMPILER_APPICON_NAME = AppIcon;
				CODE_SIGN_IDENTITY = "iPhone Developer";
				"CODE_SIGN_IDENTITY[sdk=iphoneos*]" = "iPhone Developer";
				GCC_PRECOMPILE_PREFIX_HEADER = YES;
				GCC_PREFIX_HEADER = KungFu_IOS/KungFu_IOS.pch;
				INFOPLIST_FILE = KungFu_IOS/Info.plist;
				IPHONEOS_DEPLOYMENT_TARGET = 7.0;
				LD_RUNPATH_SEARCH_PATHS = "$(inherited) @executable_path/Frameworks";
				PRODUCT_BUNDLE_IDENTIFIER = "com.sketch.KungFu-IOS";
				PRODUCT_NAME = "$(TARGET_NAME)";
				PROVISIONING_PROFILE = "";
				TARGETED_DEVICE_FAMILY = "1,2";
			};
			name = Debug;
		};
		89E6EE061A88A7A10084F8ED /* Release */ = {
			isa = XCBuildConfiguration;
			buildSettings = {
				ASSETCATALOG_COMPILER_APPICON_NAME = AppIcon;
				CODE_SIGN_IDENTITY = "iPhone Developer";
				"CODE_SIGN_IDENTITY[sdk=iphoneos*]" = "iPhone Developer";
				GCC_PRECOMPILE_PREFIX_HEADER = YES;
				GCC_PREFIX_HEADER = KungFu_IOS/KungFu_IOS.pch;
				INFOPLIST_FILE = KungFu_IOS/Info.plist;
				IPHONEOS_DEPLOYMENT_TARGET = 7.0;
				LD_RUNPATH_SEARCH_PATHS = "$(inherited) @executable_path/Frameworks";
				PRODUCT_BUNDLE_IDENTIFIER = "com.sketch.KungFu-IOS";
				PRODUCT_NAME = "$(TARGET_NAME)";
				PROVISIONING_PROFILE = "";
				TARGETED_DEVICE_FAMILY = "1,2";
			};
			name = Release;
		};
		89E6EE081A88A7A10084F8ED /* Debug */ = {
			isa = XCBuildConfiguration;
			buildSettings = {
				BUNDLE_LOADER = "$(TEST_HOST)";
				FRAMEWORK_SEARCH_PATHS = (
					"$(SDKROOT)/Developer/Library/Frameworks",
					"$(inherited)",
				);
				GCC_PREPROCESSOR_DEFINITIONS = (
					"DEBUG=1",
					"$(inherited)",
				);
				INFOPLIST_FILE = KungFu_IOSTests/Info.plist;
				LD_RUNPATH_SEARCH_PATHS = "$(inherited) @executable_path/Frameworks @loader_path/Frameworks";
				PRODUCT_BUNDLE_IDENTIFIER = "com.qioji.$(PRODUCT_NAME:rfc1034identifier)";
				PRODUCT_NAME = "$(TARGET_NAME)";
				PROVISIONING_PROFILE = "4747aa76-c67e-4250-9a17-1b41655a589d";
				TEST_HOST = "$(BUILT_PRODUCTS_DIR)/KungFu_IOS.app/KungFu_IOS";
			};
			name = Debug;
		};
		89E6EE091A88A7A10084F8ED /* Release */ = {
			isa = XCBuildConfiguration;
			buildSettings = {
				BUNDLE_LOADER = "$(TEST_HOST)";
				FRAMEWORK_SEARCH_PATHS = (
					"$(SDKROOT)/Developer/Library/Frameworks",
					"$(inherited)",
				);
				INFOPLIST_FILE = KungFu_IOSTests/Info.plist;
				LD_RUNPATH_SEARCH_PATHS = "$(inherited) @executable_path/Frameworks @loader_path/Frameworks";
				PRODUCT_BUNDLE_IDENTIFIER = "com.qioji.$(PRODUCT_NAME:rfc1034identifier)";
				PRODUCT_NAME = "$(TARGET_NAME)";
				PROVISIONING_PROFILE = "4747aa76-c67e-4250-9a17-1b41655a589d";
				TEST_HOST = "$(BUILT_PRODUCTS_DIR)/KungFu_IOS.app/KungFu_IOS";
			};
			name = Release;
		};
/* End XCBuildConfiguration section */

/* Begin XCConfigurationList section */
		89E6EDDC1A88A7A00084F8ED /* Build configuration list for PBXProject "KungFu_IOS" */ = {
			isa = XCConfigurationList;
			buildConfigurations = (
				89E6EE021A88A7A10084F8ED /* Debug */,
				89E6EE031A88A7A10084F8ED /* Release */,
			);
			defaultConfigurationIsVisible = 0;
			defaultConfigurationName = Release;
		};
		89E6EE041A88A7A10084F8ED /* Build configuration list for PBXNativeTarget "KungFu_IOS" */ = {
			isa = XCConfigurationList;
			buildConfigurations = (
				89E6EE051A88A7A10084F8ED /* Debug */,
				89E6EE061A88A7A10084F8ED /* Release */,
			);
			defaultConfigurationIsVisible = 0;
			defaultConfigurationName = Release;
		};
		89E6EE071A88A7A10084F8ED /* Build configuration list for PBXNativeTarget "KungFu_IOSTests" */ = {
			isa = XCConfigurationList;
			buildConfigurations = (
				89E6EE081A88A7A10084F8ED /* Debug */,
				89E6EE091A88A7A10084F8ED /* Release */,
			);
			defaultConfigurationIsVisible = 0;
			defaultConfigurationName = Release;
		};
/* End XCConfigurationList section */
	};
	rootObject = 89E6EDD91A88A7A00084F8ED /* Project object */;
}
